
Microsoft Visual Studio Solution File, Format Version 12.00
# Visual Studio Version 17
VisualStudioVersion = 17.9.34616.47
MinimumVisualStudioVersion = 10.0.40219.1
Project("{9A19103F-16F7-4668-BE54-9A1E7A4F7556}") = "Namotion.Interceptor.Validation", "Namotion.Interceptor.Validation\Namotion.Interceptor.Validation.csproj", "{F3E4C3A0-3098-4DF8-BDBD-0B5757CAC470}"
EndProject
Project("{9A19103F-16F7-4668-BE54-9A1E7A4F7556}") = "Namotion.Interceptor.Generator", "Namotion.Interceptor.Generator\Namotion.Interceptor.Generator.csproj", "{915675AD-EA51-448D-A83E-E2320921A03E}"
EndProject
Project("{9A19103F-16F7-4668-BE54-9A1E7A4F7556}") = "Namotion.Interceptor.Tests", "Namotion.Interceptor.Tests\Namotion.Interceptor.Tests.csproj", "{D1B75837-F404-400F-9178-105FD59E9A34}"
EndProject
Project("{9A19103F-16F7-4668-BE54-9A1E7A4F7556}") = "Namotion.Interceptor.Benchmark", "Namotion.Interceptor.Benchmark\Namotion.Interceptor.Benchmark.csproj", "{070D9963-D572-4B31-AE9D-32A45C9F1DAE}"
EndProject
Project("{9A19103F-16F7-4668-BE54-9A1E7A4F7556}") = "Namotion.Interceptor.SampleBlazor", "Namotion.Interceptor.SampleBlazor\Namotion.Interceptor.SampleBlazor.csproj", "{28F1F16B-9E8F-4FDB-9AD2-1A5FD450266D}"
EndProject
Project("{2150E333-8FDC-42A3-9474-1A3956D46DE8}") = "Samples", "Samples", "{587FA680-0051-4CA2-8BA2-E72997940EF0}"
EndProject
Project("{9A19103F-16F7-4668-BE54-9A1E7A4F7556}") = "Namotion.Interceptor.Blazor", "Namotion.Interceptor.Blazor\Namotion.Interceptor.Blazor.csproj", "{3E57D6F1-0E5F-4E2F-A914-58DDEBA0837A}"
EndProject
Project("{9A19103F-16F7-4668-BE54-9A1E7A4F7556}") = "Namotion.Interceptor.SampleConsole", "Namotion.Interceptor.SampleConsole\Namotion.Interceptor.SampleConsole.csproj", "{499EBD8C-9968-47C9-88AB-219C5424AA0F}"
EndProject
Project("{9A19103F-16F7-4668-BE54-9A1E7A4F7556}") = "Namotion.Interceptor.Sources", "Namotion.Interceptor.Sources\Namotion.Interceptor.Sources.csproj", "{B0BD7C00-43AC-41A4-B33E-3D4404C13397}"
EndProject
Project("{9A19103F-16F7-4668-BE54-9A1E7A4F7556}") = "Namotion.Interceptor.SampleWeb", "Namotion.Interceptor.SampleWeb\Namotion.Interceptor.SampleWeb.csproj", "{E6F9EB15-FA03-4330-9ED6-B82287EE7926}"
EndProject
Project("{2150E333-8FDC-42A3-9474-1A3956D46DE8}") = "Extensions", "Extensions", "{D977E1EA-C167-4BEB-B7C5-4214DDD470D3}"
EndProject
Project("{9A19103F-16F7-4668-BE54-9A1E7A4F7556}") = "Namotion.Interceptor.Mqtt", "Namotion.Interceptor.Mqtt\Namotion.Interceptor.Mqtt.csproj", "{3CCC7F83-4C7C-4554-97D3-9DF104772248}"
EndProject
Project("{9A19103F-16F7-4668-BE54-9A1E7A4F7556}") = "Namotion.Interceptor.GraphQL", "Namotion.Interceptor.GraphQL\Namotion.Interceptor.GraphQL.csproj", "{E3190892-25F3-42A0-8139-BDAE06C23313}"
EndProject
Project("{9A19103F-16F7-4668-BE54-9A1E7A4F7556}") = "Namotion.Interceptor.AspNetCore", "Namotion.Interceptor.AspNetCore\Namotion.Interceptor.AspNetCore.csproj", "{0B70091F-8AD5-405B-B257-4E87AF497406}"
EndProject
Project("{9A19103F-16F7-4668-BE54-9A1E7A4F7556}") = "Namotion.Interceptor.OpcUa", "Namotion.Interceptor.OpcUa\Namotion.Interceptor.OpcUa.csproj", "{2E84DAEE-9559-423E-862B-DA5E45901A24}"
EndProject
Project("{9A19103F-16F7-4668-BE54-9A1E7A4F7556}") = "Namotion.Interceptor.OpcUa.Tests", "Namotion.Interceptor.OpcUa.Tests\Namotion.Interceptor.OpcUa.Tests.csproj", "{8B5D2A7F-3C9E-4F8A-9D5B-1E7F8C9A6B2D}"
EndProject
Project("{FAE04EC0-301F-11D3-BF4B-00C04F79EFBC}") = "Namotion.Interceptor.SampleMachine", "Namotion.Interceptor.SampleMachine\Namotion.Interceptor.SampleMachine.csproj", "{C408A4B8-B69C-4304-8EB5-5B0E18001248}"
EndProject
Project("{2150E333-8FDC-42A3-9474-1A3956D46DE8}") = "Build", "Build", "{FC7CA138-011C-4044-8E54-F1EA9DBC5247}"
	ProjectSection(SolutionItems) = preProject
		..\.gitattributes = ..\.gitattributes
		..\.gitignore = ..\.gitignore
		..\features.png = ..\features.png
		..\README.md = ..\README.md
		..\.github\workflows\build.yml = ..\.github\workflows\build.yml
		..\.github\workflows\benchmark.yml = ..\.github\workflows\benchmark.yml
		Directory.Build.props = Directory.Build.props
	EndProjectSection
EndProject
Project("{FAE04EC0-301F-11D3-BF4B-00C04F79EFBC}") = "Namotion.Interceptor", "Namotion.Interceptor\Namotion.Interceptor.csproj", "{B695F827-EA25-40AF-9169-5206F4A9FF32}"
EndProject
Project("{FAE04EC0-301F-11D3-BF4B-00C04F79EFBC}") = "Namotion.Interceptor.Tracking", "Namotion.Interceptor.Tracking\Namotion.Interceptor.Tracking.csproj", "{4DFBAC36-BB0D-4AAD-8AF7-DC129967B7D9}"
EndProject
Project("{FAE04EC0-301F-11D3-BF4B-00C04F79EFBC}") = "Namotion.Interceptor.Registry", "Namotion.Interceptor.Registry\Namotion.Interceptor.Registry.csproj", "{EF3AB1CA-24EC-4D77-BB1C-8AC095A6F7DE}"
EndProject
Project("{FAE04EC0-301F-11D3-BF4B-00C04F79EFBC}") = "Namotion.Interceptor.Tracking.Tests", "Namotion.Interceptor.Tracking.Tests\Namotion.Interceptor.Tracking.Tests.csproj", "{FB518BC5-5797-41A3-A085-7FE76EE5A7F6}"
EndProject
Project("{FAE04EC0-301F-11D3-BF4B-00C04F79EFBC}") = "Namotion.Interceptor.Testing", "Namotion.Interceptor.Testing\Namotion.Interceptor.Testing.csproj", "{F38D7945-2896-48F7-84B5-491A983D4FE1}"
EndProject
Project("{2150E333-8FDC-42A3-9474-1A3956D46DE8}") = "Tests", "Tests", "{31C2A126-61B9-402D-B2F4-9772341EBF09}"
EndProject
Project("{FAE04EC0-301F-11D3-BF4B-00C04F79EFBC}") = "Namotion.Interceptor.Registry.Tests", "Namotion.Interceptor.Registry.Tests\Namotion.Interceptor.Registry.Tests.csproj", "{A8BE4D4F-DA09-44D1-A613-95EAE0948242}"
EndProject
Project("{FAE04EC0-301F-11D3-BF4B-00C04F79EFBC}") = "Namotion.Interceptor.Validation.Tests", "Namotion.Interceptor.Validation.Tests\Namotion.Interceptor.Validation.Tests.csproj", "{F1AC0D56-BCE6-4B5F-B5C8-51CF74F0C110}"
EndProject
Project("{FAE04EC0-301F-11D3-BF4B-00C04F79EFBC}") = "Namotion.Interceptor.Hosting", "Namotion.Interceptor.Hosting\Namotion.Interceptor.Hosting.csproj", "{7892B1D8-5170-475B-BF2E-77B5F5F2F085}"
EndProject
Project("{FAE04EC0-301F-11D3-BF4B-00C04F79EFBC}") = "Namotion.Interceptor.Hosting.Tests", "Namotion.Interceptor.Hosting.Tests\Namotion.Interceptor.Hosting.Tests.csproj", "{02EF1BFB-AC60-4853-9190-5389F65DC638}"
EndProject
Project("{FAE04EC0-301F-11D3-BF4B-00C04F79EFBC}") = "Namotion.Interceptor.Generator.Tests", "Namotion.Interceptor.Generator.Tests\Namotion.Interceptor.Generator.Tests.csproj", "{B87CCDF4-A443-47A0-8A56-1CEB0A6EBACD}"
EndProject
Project("{FAE04EC0-301F-11D3-BF4B-00C04F79EFBC}") = "Namotion.Interceptor.Sources.Tests", "Namotion.Interceptor.Sources.Tests\Namotion.Interceptor.Sources.Tests.csproj", "{D266C5C9-D82A-4E4E-9ABB-8C1941295A08}"
EndProject
Project("{FAE04EC0-301F-11D3-BF4B-00C04F79EFBC}") = "Namotion.Interceptor.OpcUa.SampleClient", "Namotion.Interceptor.OpcUa.SampleClient\Namotion.Interceptor.OpcUa.SampleClient.csproj", "{993D95D7-2BB6-4414-8F8A-C097B40173D4}"
EndProject
Project("{FAE04EC0-301F-11D3-BF4B-00C04F79EFBC}") = "Namotion.Interceptor.OpcUa.SampleServer", "Namotion.Interceptor.OpcUa.SampleServer\Namotion.Interceptor.OpcUa.SampleServer.csproj", "{9AAB5E5D-B32D-440C-87DC-5BCB72F25E08}"
EndProject
Project("{FAE04EC0-301F-11D3-BF4B-00C04F79EFBC}") = "Namotion.Interceptor.Dynamic", "Namotion.Interceptor.Dynamic\Namotion.Interceptor.Dynamic.csproj", "{DD4E4986-56F1-4A07-A857-B71CBF0C453C}"
EndProject
Project("{FAE04EC0-301F-11D3-BF4B-00C04F79EFBC}") = "Namotion.Interceptor.Dynamic.Tests", "Namotion.Interceptor.Dynamic.Tests\Namotion.Interceptor.Dynamic.Tests.csproj", "{288013AC-398A-4ECC-B793-E223C2EDBAC4}"
EndProject
Project("{2150E333-8FDC-42A3-9474-1A3956D46DE8}") = "HomeBlaze", "HomeBlaze", "{D0F6FF5A-BF58-4723-8AD2-ADED4ED2FBE9}"
EndProject
Project("{2150E333-8FDC-42A3-9474-1A3956D46DE8}") = "Abstractions", "Abstractions", "{A1B2C3D4-E5F6-7890-ABCD-EF1234567890}"
EndProject
Project("{2150E333-8FDC-42A3-9474-1A3956D46DE8}") = "Tests", "Tests", "{B2C3D4E5-F6A7-8901-BCDE-F12345678901}"
EndProject
Project("{FAE04EC0-301F-11D3-BF4B-00C04F79EFBC}") = "HomeBlaze", "HomeBlaze\HomeBlaze\HomeBlaze.csproj", "{C6F2EEE5-A6B0-47CD-9D4A-4C0E0AA78E74}"
EndProject
Project("{FAE04EC0-301F-11D3-BF4B-00C04F79EFBC}") = "Namotion.Interceptor.Mqtt.SampleClient", "Namotion.Interceptor.Mqtt.SampleClient\Namotion.Interceptor.Mqtt.SampleClient.csproj", "{BE44817A-BD7B-4427-A5FF-1DC6B9D634A2}"
EndProject
Project("{FAE04EC0-301F-11D3-BF4B-00C04F79EFBC}") = "Namotion.Interceptor.Mqtt.SampleServer", "Namotion.Interceptor.Mqtt.SampleServer\Namotion.Interceptor.Mqtt.SampleServer.csproj", "{2F54E37B-8A8D-4DB0-A28D-B1E2CC635296}"
EndProject
Project("{FAE04EC0-301F-11D3-BF4B-00C04F79EFBC}") = "Namotion.Interceptor.SamplesModel", "Namotion.Interceptor.SamplesModel\Namotion.Interceptor.SamplesModel.csproj", "{1BF9824C-D211-493A-9091-782765FCC4F0}"
EndProject
Project("{FAE04EC0-301F-11D3-BF4B-00C04F79EFBC}") = "Namotion.Interceptor.Mqtt.Tests", "Namotion.Interceptor.Mqtt.Tests\Namotion.Interceptor.Mqtt.Tests.csproj", "{7F88375F-0C6A-4D00-BB3D-4CC10EFD06D2}"
EndProject
Project("{FAE04EC0-301F-11D3-BF4B-00C04F79EFBC}") = "HomeBlaze.Abstractions", "HomeBlaze\HomeBlaze.Abstractions\HomeBlaze.Abstractions.csproj", "{15997410-7412-4717-AAD6-44CB987D0110}"
EndProject
Project("{FAE04EC0-301F-11D3-BF4B-00C04F79EFBC}") = "HomeBlaze.Storage", "HomeBlaze\HomeBlaze.Storage\HomeBlaze.Storage.csproj", "{9C206F0F-07D9-43F7-87E3-3A28E4456429}"
EndProject
Project("{FAE04EC0-301F-11D3-BF4B-00C04F79EFBC}") = "HomeBlaze.Storage.Tests", "HomeBlaze\HomeBlaze.Storage.Tests\HomeBlaze.Storage.Tests.csproj", "{DC9152E8-B2FD-4815-BB9A-051CDB48998B}"
EndProject
Project("{FAE04EC0-301F-11D3-BF4B-00C04F79EFBC}") = "HomeBlaze.Samples", "HomeBlaze\HomeBlaze.Samples\HomeBlaze.Samples.csproj", "{B812632A-EF63-40A2-8421-A3533D30C037}"
EndProject
Project("{FAE04EC0-301F-11D3-BF4B-00C04F79EFBC}") = "HomeBlaze.Services.Tests", "HomeBlaze\HomeBlaze.Services.Tests\HomeBlaze.Services.Tests.csproj", "{70375426-7C89-4183-8B83-E68063B2520F}"
EndProject
Project("{FAE04EC0-301F-11D3-BF4B-00C04F79EFBC}") = "HomeBlaze.Services", "HomeBlaze\HomeBlaze.Services\HomeBlaze.Services.csproj", "{695231B2-7C45-4DBB-9156-F4589B75AF5D}"
EndProject
Project("{FAE04EC0-301F-11D3-BF4B-00C04F79EFBC}") = "HomeBlaze.Host.Services.Tests", "HomeBlaze\HomeBlaze.Host.Services.Tests\HomeBlaze.Host.Services.Tests.csproj", "{376B013F-C6D1-4DCC-A8DA-B73DF78E736E}"
EndProject
Project("{FAE04EC0-301F-11D3-BF4B-00C04F79EFBC}") = "HomeBlaze.Host.Services", "HomeBlaze\HomeBlaze.Host.Services\HomeBlaze.Host.Services.csproj", "{B7CED59D-EF01-478D-BCD6-801F46E96B16}"
EndProject
Project("{FAE04EC0-301F-11D3-BF4B-00C04F79EFBC}") = "HomeBlaze.Host", "HomeBlaze\HomeBlaze.Host\HomeBlaze.Host.csproj", "{04BD8764-1D46-4BDD-9F11-C14F1E834112}"
EndProject
Project("{FAE04EC0-301F-11D3-BF4B-00C04F79EFBC}") = "HomeBlaze.Storage.Blazor", "HomeBlaze\HomeBlaze.Storage.Blazor\HomeBlaze.Storage.Blazor.csproj", "{8102B905-8DC5-432E-9F52-83EEA124E811}"
EndProject
Project("{FAE04EC0-301F-11D3-BF4B-00C04F79EFBC}") = "HomeBlaze.Components", "HomeBlaze\HomeBlaze.Components\HomeBlaze.Components.csproj", "{DD32A611-7A80-40A4-BBEC-C6A804E9F365}"
EndProject
Project("{FAE04EC0-301F-11D3-BF4B-00C04F79EFBC}") = "HomeBlaze.E2E.Tests", "HomeBlaze\HomeBlaze.E2E.Tests\HomeBlaze.E2E.Tests.csproj", "{1FEC03EF-79E8-43B7-AC89-EF6861A05DD7}"
EndProject
Project("{FAE04EC0-301F-11D3-BF4B-00C04F79EFBC}") = "HomeBlaze.Components.Abstractions", "HomeBlaze\HomeBlaze.Components.Abstractions\HomeBlaze.Components.Abstractions.csproj", "{FC00B676-763B-456E-B77B-A2215487BAE8}"
EndProject
Project("{FAE04EC0-301F-11D3-BF4B-00C04F79EFBC}") = "HomeBlaze.Storage.Abstractions", "HomeBlaze\HomeBlaze.Storage.Abstractions\HomeBlaze.Storage.Abstractions.csproj", "{5489C8A4-B386-4CDD-8F2B-52481257E2EA}"
EndProject
Global
	GlobalSection(SolutionConfigurationPlatforms) = preSolution
		Debug|Any CPU = Debug|Any CPU
		Debug|x64 = Debug|x64
		Debug|x86 = Debug|x86
		Release|Any CPU = Release|Any CPU
		Release|x64 = Release|x64
		Release|x86 = Release|x86
	EndGlobalSection
	GlobalSection(ProjectConfigurationPlatforms) = postSolution
		{F3E4C3A0-3098-4DF8-BDBD-0B5757CAC470}.Debug|Any CPU.ActiveCfg = Debug|Any CPU
		{F3E4C3A0-3098-4DF8-BDBD-0B5757CAC470}.Debug|Any CPU.Build.0 = Debug|Any CPU
		{F3E4C3A0-3098-4DF8-BDBD-0B5757CAC470}.Debug|x64.ActiveCfg = Debug|Any CPU
		{F3E4C3A0-3098-4DF8-BDBD-0B5757CAC470}.Debug|x64.Build.0 = Debug|Any CPU
		{F3E4C3A0-3098-4DF8-BDBD-0B5757CAC470}.Debug|x86.ActiveCfg = Debug|Any CPU
		{F3E4C3A0-3098-4DF8-BDBD-0B5757CAC470}.Debug|x86.Build.0 = Debug|Any CPU
		{F3E4C3A0-3098-4DF8-BDBD-0B5757CAC470}.Release|Any CPU.ActiveCfg = Release|Any CPU
		{F3E4C3A0-3098-4DF8-BDBD-0B5757CAC470}.Release|Any CPU.Build.0 = Release|Any CPU
		{F3E4C3A0-3098-4DF8-BDBD-0B5757CAC470}.Release|x64.ActiveCfg = Release|Any CPU
		{F3E4C3A0-3098-4DF8-BDBD-0B5757CAC470}.Release|x64.Build.0 = Release|Any CPU
		{F3E4C3A0-3098-4DF8-BDBD-0B5757CAC470}.Release|x86.ActiveCfg = Release|Any CPU
		{F3E4C3A0-3098-4DF8-BDBD-0B5757CAC470}.Release|x86.Build.0 = Release|Any CPU
		{915675AD-EA51-448D-A83E-E2320921A03E}.Debug|Any CPU.ActiveCfg = Debug|Any CPU
		{915675AD-EA51-448D-A83E-E2320921A03E}.Debug|Any CPU.Build.0 = Debug|Any CPU
		{915675AD-EA51-448D-A83E-E2320921A03E}.Debug|x64.ActiveCfg = Debug|Any CPU
		{915675AD-EA51-448D-A83E-E2320921A03E}.Debug|x64.Build.0 = Debug|Any CPU
		{915675AD-EA51-448D-A83E-E2320921A03E}.Debug|x86.ActiveCfg = Debug|Any CPU
		{915675AD-EA51-448D-A83E-E2320921A03E}.Debug|x86.Build.0 = Debug|Any CPU
		{915675AD-EA51-448D-A83E-E2320921A03E}.Release|Any CPU.ActiveCfg = Release|Any CPU
		{915675AD-EA51-448D-A83E-E2320921A03E}.Release|Any CPU.Build.0 = Release|Any CPU
		{915675AD-EA51-448D-A83E-E2320921A03E}.Release|x64.ActiveCfg = Release|Any CPU
		{915675AD-EA51-448D-A83E-E2320921A03E}.Release|x64.Build.0 = Release|Any CPU
		{915675AD-EA51-448D-A83E-E2320921A03E}.Release|x86.ActiveCfg = Release|Any CPU
		{915675AD-EA51-448D-A83E-E2320921A03E}.Release|x86.Build.0 = Release|Any CPU
		{D1B75837-F404-400F-9178-105FD59E9A34}.Debug|Any CPU.ActiveCfg = Debug|Any CPU
		{D1B75837-F404-400F-9178-105FD59E9A34}.Debug|Any CPU.Build.0 = Debug|Any CPU
		{D1B75837-F404-400F-9178-105FD59E9A34}.Debug|x64.ActiveCfg = Debug|Any CPU
		{D1B75837-F404-400F-9178-105FD59E9A34}.Debug|x64.Build.0 = Debug|Any CPU
		{D1B75837-F404-400F-9178-105FD59E9A34}.Debug|x86.ActiveCfg = Debug|Any CPU
		{D1B75837-F404-400F-9178-105FD59E9A34}.Debug|x86.Build.0 = Debug|Any CPU
		{D1B75837-F404-400F-9178-105FD59E9A34}.Release|Any CPU.ActiveCfg = Release|Any CPU
		{D1B75837-F404-400F-9178-105FD59E9A34}.Release|Any CPU.Build.0 = Release|Any CPU
		{D1B75837-F404-400F-9178-105FD59E9A34}.Release|x64.ActiveCfg = Release|Any CPU
		{D1B75837-F404-400F-9178-105FD59E9A34}.Release|x64.Build.0 = Release|Any CPU
		{D1B75837-F404-400F-9178-105FD59E9A34}.Release|x86.ActiveCfg = Release|Any CPU
		{D1B75837-F404-400F-9178-105FD59E9A34}.Release|x86.Build.0 = Release|Any CPU
		{070D9963-D572-4B31-AE9D-32A45C9F1DAE}.Debug|Any CPU.ActiveCfg = Debug|Any CPU
		{070D9963-D572-4B31-AE9D-32A45C9F1DAE}.Debug|Any CPU.Build.0 = Debug|Any CPU
		{070D9963-D572-4B31-AE9D-32A45C9F1DAE}.Debug|x64.ActiveCfg = Debug|Any CPU
		{070D9963-D572-4B31-AE9D-32A45C9F1DAE}.Debug|x64.Build.0 = Debug|Any CPU
		{070D9963-D572-4B31-AE9D-32A45C9F1DAE}.Debug|x86.ActiveCfg = Debug|Any CPU
		{070D9963-D572-4B31-AE9D-32A45C9F1DAE}.Debug|x86.Build.0 = Debug|Any CPU
		{070D9963-D572-4B31-AE9D-32A45C9F1DAE}.Release|Any CPU.ActiveCfg = Release|Any CPU
		{070D9963-D572-4B31-AE9D-32A45C9F1DAE}.Release|Any CPU.Build.0 = Release|Any CPU
		{070D9963-D572-4B31-AE9D-32A45C9F1DAE}.Release|x64.ActiveCfg = Release|Any CPU
		{070D9963-D572-4B31-AE9D-32A45C9F1DAE}.Release|x64.Build.0 = Release|Any CPU
		{070D9963-D572-4B31-AE9D-32A45C9F1DAE}.Release|x86.ActiveCfg = Release|Any CPU
		{070D9963-D572-4B31-AE9D-32A45C9F1DAE}.Release|x86.Build.0 = Release|Any CPU
		{28F1F16B-9E8F-4FDB-9AD2-1A5FD450266D}.Debug|Any CPU.ActiveCfg = Debug|Any CPU
		{28F1F16B-9E8F-4FDB-9AD2-1A5FD450266D}.Debug|Any CPU.Build.0 = Debug|Any CPU
		{28F1F16B-9E8F-4FDB-9AD2-1A5FD450266D}.Debug|x64.ActiveCfg = Debug|Any CPU
		{28F1F16B-9E8F-4FDB-9AD2-1A5FD450266D}.Debug|x64.Build.0 = Debug|Any CPU
		{28F1F16B-9E8F-4FDB-9AD2-1A5FD450266D}.Debug|x86.ActiveCfg = Debug|Any CPU
		{28F1F16B-9E8F-4FDB-9AD2-1A5FD450266D}.Debug|x86.Build.0 = Debug|Any CPU
		{28F1F16B-9E8F-4FDB-9AD2-1A5FD450266D}.Release|Any CPU.ActiveCfg = Release|Any CPU
		{28F1F16B-9E8F-4FDB-9AD2-1A5FD450266D}.Release|Any CPU.Build.0 = Release|Any CPU
		{28F1F16B-9E8F-4FDB-9AD2-1A5FD450266D}.Release|x64.ActiveCfg = Release|Any CPU
		{28F1F16B-9E8F-4FDB-9AD2-1A5FD450266D}.Release|x64.Build.0 = Release|Any CPU
		{28F1F16B-9E8F-4FDB-9AD2-1A5FD450266D}.Release|x86.ActiveCfg = Release|Any CPU
		{28F1F16B-9E8F-4FDB-9AD2-1A5FD450266D}.Release|x86.Build.0 = Release|Any CPU
		{3E57D6F1-0E5F-4E2F-A914-58DDEBA0837A}.Debug|Any CPU.ActiveCfg = Debug|Any CPU
		{3E57D6F1-0E5F-4E2F-A914-58DDEBA0837A}.Debug|Any CPU.Build.0 = Debug|Any CPU
		{3E57D6F1-0E5F-4E2F-A914-58DDEBA0837A}.Debug|x64.ActiveCfg = Debug|Any CPU
		{3E57D6F1-0E5F-4E2F-A914-58DDEBA0837A}.Debug|x64.Build.0 = Debug|Any CPU
		{3E57D6F1-0E5F-4E2F-A914-58DDEBA0837A}.Debug|x86.ActiveCfg = Debug|Any CPU
		{3E57D6F1-0E5F-4E2F-A914-58DDEBA0837A}.Debug|x86.Build.0 = Debug|Any CPU
		{3E57D6F1-0E5F-4E2F-A914-58DDEBA0837A}.Release|Any CPU.ActiveCfg = Release|Any CPU
		{3E57D6F1-0E5F-4E2F-A914-58DDEBA0837A}.Release|Any CPU.Build.0 = Release|Any CPU
		{3E57D6F1-0E5F-4E2F-A914-58DDEBA0837A}.Release|x64.ActiveCfg = Release|Any CPU
		{3E57D6F1-0E5F-4E2F-A914-58DDEBA0837A}.Release|x64.Build.0 = Release|Any CPU
		{3E57D6F1-0E5F-4E2F-A914-58DDEBA0837A}.Release|x86.ActiveCfg = Release|Any CPU
		{3E57D6F1-0E5F-4E2F-A914-58DDEBA0837A}.Release|x86.Build.0 = Release|Any CPU
		{499EBD8C-9968-47C9-88AB-219C5424AA0F}.Debug|Any CPU.ActiveCfg = Debug|Any CPU
		{499EBD8C-9968-47C9-88AB-219C5424AA0F}.Debug|Any CPU.Build.0 = Debug|Any CPU
		{499EBD8C-9968-47C9-88AB-219C5424AA0F}.Debug|x64.ActiveCfg = Debug|Any CPU
		{499EBD8C-9968-47C9-88AB-219C5424AA0F}.Debug|x64.Build.0 = Debug|Any CPU
		{499EBD8C-9968-47C9-88AB-219C5424AA0F}.Debug|x86.ActiveCfg = Debug|Any CPU
		{499EBD8C-9968-47C9-88AB-219C5424AA0F}.Debug|x86.Build.0 = Debug|Any CPU
		{499EBD8C-9968-47C9-88AB-219C5424AA0F}.Release|Any CPU.ActiveCfg = Release|Any CPU
		{499EBD8C-9968-47C9-88AB-219C5424AA0F}.Release|Any CPU.Build.0 = Release|Any CPU
		{499EBD8C-9968-47C9-88AB-219C5424AA0F}.Release|x64.ActiveCfg = Release|Any CPU
		{499EBD8C-9968-47C9-88AB-219C5424AA0F}.Release|x64.Build.0 = Release|Any CPU
		{499EBD8C-9968-47C9-88AB-219C5424AA0F}.Release|x86.ActiveCfg = Release|Any CPU
		{499EBD8C-9968-47C9-88AB-219C5424AA0F}.Release|x86.Build.0 = Release|Any CPU
		{B0BD7C00-43AC-41A4-B33E-3D4404C13397}.Debug|Any CPU.ActiveCfg = Debug|Any CPU
		{B0BD7C00-43AC-41A4-B33E-3D4404C13397}.Debug|Any CPU.Build.0 = Debug|Any CPU
		{B0BD7C00-43AC-41A4-B33E-3D4404C13397}.Debug|x64.ActiveCfg = Debug|Any CPU
		{B0BD7C00-43AC-41A4-B33E-3D4404C13397}.Debug|x64.Build.0 = Debug|Any CPU
		{B0BD7C00-43AC-41A4-B33E-3D4404C13397}.Debug|x86.ActiveCfg = Debug|Any CPU
		{B0BD7C00-43AC-41A4-B33E-3D4404C13397}.Debug|x86.Build.0 = Debug|Any CPU
		{B0BD7C00-43AC-41A4-B33E-3D4404C13397}.Release|Any CPU.ActiveCfg = Release|Any CPU
		{B0BD7C00-43AC-41A4-B33E-3D4404C13397}.Release|Any CPU.Build.0 = Release|Any CPU
		{B0BD7C00-43AC-41A4-B33E-3D4404C13397}.Release|x64.ActiveCfg = Release|Any CPU
		{B0BD7C00-43AC-41A4-B33E-3D4404C13397}.Release|x64.Build.0 = Release|Any CPU
		{B0BD7C00-43AC-41A4-B33E-3D4404C13397}.Release|x86.ActiveCfg = Release|Any CPU
		{B0BD7C00-43AC-41A4-B33E-3D4404C13397}.Release|x86.Build.0 = Release|Any CPU
		{E6F9EB15-FA03-4330-9ED6-B82287EE7926}.Debug|Any CPU.ActiveCfg = Debug|Any CPU
		{E6F9EB15-FA03-4330-9ED6-B82287EE7926}.Debug|Any CPU.Build.0 = Debug|Any CPU
		{E6F9EB15-FA03-4330-9ED6-B82287EE7926}.Debug|x64.ActiveCfg = Debug|Any CPU
		{E6F9EB15-FA03-4330-9ED6-B82287EE7926}.Debug|x64.Build.0 = Debug|Any CPU
		{E6F9EB15-FA03-4330-9ED6-B82287EE7926}.Debug|x86.ActiveCfg = Debug|Any CPU
		{E6F9EB15-FA03-4330-9ED6-B82287EE7926}.Debug|x86.Build.0 = Debug|Any CPU
		{E6F9EB15-FA03-4330-9ED6-B82287EE7926}.Release|Any CPU.ActiveCfg = Release|Any CPU
		{E6F9EB15-FA03-4330-9ED6-B82287EE7926}.Release|Any CPU.Build.0 = Release|Any CPU
		{E6F9EB15-FA03-4330-9ED6-B82287EE7926}.Release|x64.ActiveCfg = Release|Any CPU
		{E6F9EB15-FA03-4330-9ED6-B82287EE7926}.Release|x64.Build.0 = Release|Any CPU
		{E6F9EB15-FA03-4330-9ED6-B82287EE7926}.Release|x86.ActiveCfg = Release|Any CPU
		{E6F9EB15-FA03-4330-9ED6-B82287EE7926}.Release|x86.Build.0 = Release|Any CPU
		{3CCC7F83-4C7C-4554-97D3-9DF104772248}.Debug|Any CPU.ActiveCfg = Debug|Any CPU
		{3CCC7F83-4C7C-4554-97D3-9DF104772248}.Debug|Any CPU.Build.0 = Debug|Any CPU
		{3CCC7F83-4C7C-4554-97D3-9DF104772248}.Debug|x64.ActiveCfg = Debug|Any CPU
		{3CCC7F83-4C7C-4554-97D3-9DF104772248}.Debug|x64.Build.0 = Debug|Any CPU
		{3CCC7F83-4C7C-4554-97D3-9DF104772248}.Debug|x86.ActiveCfg = Debug|Any CPU
		{3CCC7F83-4C7C-4554-97D3-9DF104772248}.Debug|x86.Build.0 = Debug|Any CPU
		{3CCC7F83-4C7C-4554-97D3-9DF104772248}.Release|Any CPU.ActiveCfg = Release|Any CPU
		{3CCC7F83-4C7C-4554-97D3-9DF104772248}.Release|Any CPU.Build.0 = Release|Any CPU
		{3CCC7F83-4C7C-4554-97D3-9DF104772248}.Release|x64.ActiveCfg = Release|Any CPU
		{3CCC7F83-4C7C-4554-97D3-9DF104772248}.Release|x64.Build.0 = Release|Any CPU
		{3CCC7F83-4C7C-4554-97D3-9DF104772248}.Release|x86.ActiveCfg = Release|Any CPU
		{3CCC7F83-4C7C-4554-97D3-9DF104772248}.Release|x86.Build.0 = Release|Any CPU
		{E3190892-25F3-42A0-8139-BDAE06C23313}.Debug|Any CPU.ActiveCfg = Debug|Any CPU
		{E3190892-25F3-42A0-8139-BDAE06C23313}.Debug|Any CPU.Build.0 = Debug|Any CPU
		{E3190892-25F3-42A0-8139-BDAE06C23313}.Debug|x64.ActiveCfg = Debug|Any CPU
		{E3190892-25F3-42A0-8139-BDAE06C23313}.Debug|x64.Build.0 = Debug|Any CPU
		{E3190892-25F3-42A0-8139-BDAE06C23313}.Debug|x86.ActiveCfg = Debug|Any CPU
		{E3190892-25F3-42A0-8139-BDAE06C23313}.Debug|x86.Build.0 = Debug|Any CPU
		{E3190892-25F3-42A0-8139-BDAE06C23313}.Release|Any CPU.ActiveCfg = Release|Any CPU
		{E3190892-25F3-42A0-8139-BDAE06C23313}.Release|Any CPU.Build.0 = Release|Any CPU
		{E3190892-25F3-42A0-8139-BDAE06C23313}.Release|x64.ActiveCfg = Release|Any CPU
		{E3190892-25F3-42A0-8139-BDAE06C23313}.Release|x64.Build.0 = Release|Any CPU
		{E3190892-25F3-42A0-8139-BDAE06C23313}.Release|x86.ActiveCfg = Release|Any CPU
		{E3190892-25F3-42A0-8139-BDAE06C23313}.Release|x86.Build.0 = Release|Any CPU
		{0B70091F-8AD5-405B-B257-4E87AF497406}.Debug|Any CPU.ActiveCfg = Debug|Any CPU
		{0B70091F-8AD5-405B-B257-4E87AF497406}.Debug|Any CPU.Build.0 = Debug|Any CPU
		{0B70091F-8AD5-405B-B257-4E87AF497406}.Debug|x64.ActiveCfg = Debug|Any CPU
		{0B70091F-8AD5-405B-B257-4E87AF497406}.Debug|x64.Build.0 = Debug|Any CPU
		{0B70091F-8AD5-405B-B257-4E87AF497406}.Debug|x86.ActiveCfg = Debug|Any CPU
		{0B70091F-8AD5-405B-B257-4E87AF497406}.Debug|x86.Build.0 = Debug|Any CPU
		{0B70091F-8AD5-405B-B257-4E87AF497406}.Release|Any CPU.ActiveCfg = Release|Any CPU
		{0B70091F-8AD5-405B-B257-4E87AF497406}.Release|Any CPU.Build.0 = Release|Any CPU
		{0B70091F-8AD5-405B-B257-4E87AF497406}.Release|x64.ActiveCfg = Release|Any CPU
		{0B70091F-8AD5-405B-B257-4E87AF497406}.Release|x64.Build.0 = Release|Any CPU
		{0B70091F-8AD5-405B-B257-4E87AF497406}.Release|x86.ActiveCfg = Release|Any CPU
		{0B70091F-8AD5-405B-B257-4E87AF497406}.Release|x86.Build.0 = Release|Any CPU
		{2E84DAEE-9559-423E-862B-DA5E45901A24}.Debug|Any CPU.ActiveCfg = Debug|Any CPU
		{2E84DAEE-9559-423E-862B-DA5E45901A24}.Debug|Any CPU.Build.0 = Debug|Any CPU
		{2E84DAEE-9559-423E-862B-DA5E45901A24}.Debug|x64.ActiveCfg = Debug|Any CPU
		{2E84DAEE-9559-423E-862B-DA5E45901A24}.Debug|x64.Build.0 = Debug|Any CPU
		{2E84DAEE-9559-423E-862B-DA5E45901A24}.Debug|x86.ActiveCfg = Debug|Any CPU
		{2E84DAEE-9559-423E-862B-DA5E45901A24}.Debug|x86.Build.0 = Debug|Any CPU
		{2E84DAEE-9559-423E-862B-DA5E45901A24}.Release|Any CPU.ActiveCfg = Release|Any CPU
		{2E84DAEE-9559-423E-862B-DA5E45901A24}.Release|Any CPU.Build.0 = Release|Any CPU
		{2E84DAEE-9559-423E-862B-DA5E45901A24}.Release|x64.ActiveCfg = Release|Any CPU
		{2E84DAEE-9559-423E-862B-DA5E45901A24}.Release|x64.Build.0 = Release|Any CPU
		{2E84DAEE-9559-423E-862B-DA5E45901A24}.Release|x86.ActiveCfg = Release|Any CPU
		{2E84DAEE-9559-423E-862B-DA5E45901A24}.Release|x86.Build.0 = Release|Any CPU
		{8B5D2A7F-3C9E-4F8A-9D5B-1E7F8C9A6B2D}.Debug|Any CPU.ActiveCfg = Debug|Any CPU
		{8B5D2A7F-3C9E-4F8A-9D5B-1E7F8C9A6B2D}.Debug|Any CPU.Build.0 = Debug|Any CPU
		{8B5D2A7F-3C9E-4F8A-9D5B-1E7F8C9A6B2D}.Debug|x64.ActiveCfg = Debug|Any CPU
		{8B5D2A7F-3C9E-4F8A-9D5B-1E7F8C9A6B2D}.Debug|x64.Build.0 = Debug|Any CPU
		{8B5D2A7F-3C9E-4F8A-9D5B-1E7F8C9A6B2D}.Debug|x86.ActiveCfg = Debug|Any CPU
		{8B5D2A7F-3C9E-4F8A-9D5B-1E7F8C9A6B2D}.Debug|x86.Build.0 = Debug|Any CPU
		{8B5D2A7F-3C9E-4F8A-9D5B-1E7F8C9A6B2D}.Release|Any CPU.ActiveCfg = Release|Any CPU
		{8B5D2A7F-3C9E-4F8A-9D5B-1E7F8C9A6B2D}.Release|Any CPU.Build.0 = Release|Any CPU
		{8B5D2A7F-3C9E-4F8A-9D5B-1E7F8C9A6B2D}.Release|x64.ActiveCfg = Release|Any CPU
		{8B5D2A7F-3C9E-4F8A-9D5B-1E7F8C9A6B2D}.Release|x64.Build.0 = Release|Any CPU
		{8B5D2A7F-3C9E-4F8A-9D5B-1E7F8C9A6B2D}.Release|x86.ActiveCfg = Release|Any CPU
		{8B5D2A7F-3C9E-4F8A-9D5B-1E7F8C9A6B2D}.Release|x86.Build.0 = Release|Any CPU
		{C408A4B8-B69C-4304-8EB5-5B0E18001248}.Debug|Any CPU.ActiveCfg = Debug|Any CPU
		{C408A4B8-B69C-4304-8EB5-5B0E18001248}.Debug|Any CPU.Build.0 = Debug|Any CPU
		{C408A4B8-B69C-4304-8EB5-5B0E18001248}.Debug|x64.ActiveCfg = Debug|Any CPU
		{C408A4B8-B69C-4304-8EB5-5B0E18001248}.Debug|x64.Build.0 = Debug|Any CPU
		{C408A4B8-B69C-4304-8EB5-5B0E18001248}.Debug|x86.ActiveCfg = Debug|Any CPU
		{C408A4B8-B69C-4304-8EB5-5B0E18001248}.Debug|x86.Build.0 = Debug|Any CPU
		{C408A4B8-B69C-4304-8EB5-5B0E18001248}.Release|Any CPU.ActiveCfg = Release|Any CPU
		{C408A4B8-B69C-4304-8EB5-5B0E18001248}.Release|Any CPU.Build.0 = Release|Any CPU
		{C408A4B8-B69C-4304-8EB5-5B0E18001248}.Release|x64.ActiveCfg = Release|Any CPU
		{C408A4B8-B69C-4304-8EB5-5B0E18001248}.Release|x64.Build.0 = Release|Any CPU
		{C408A4B8-B69C-4304-8EB5-5B0E18001248}.Release|x86.ActiveCfg = Release|Any CPU
		{C408A4B8-B69C-4304-8EB5-5B0E18001248}.Release|x86.Build.0 = Release|Any CPU
		{B695F827-EA25-40AF-9169-5206F4A9FF32}.Debug|Any CPU.ActiveCfg = Debug|Any CPU
		{B695F827-EA25-40AF-9169-5206F4A9FF32}.Debug|Any CPU.Build.0 = Debug|Any CPU
		{B695F827-EA25-40AF-9169-5206F4A9FF32}.Debug|x64.ActiveCfg = Debug|Any CPU
		{B695F827-EA25-40AF-9169-5206F4A9FF32}.Debug|x64.Build.0 = Debug|Any CPU
		{B695F827-EA25-40AF-9169-5206F4A9FF32}.Debug|x86.ActiveCfg = Debug|Any CPU
		{B695F827-EA25-40AF-9169-5206F4A9FF32}.Debug|x86.Build.0 = Debug|Any CPU
		{B695F827-EA25-40AF-9169-5206F4A9FF32}.Release|Any CPU.ActiveCfg = Release|Any CPU
		{B695F827-EA25-40AF-9169-5206F4A9FF32}.Release|Any CPU.Build.0 = Release|Any CPU
		{B695F827-EA25-40AF-9169-5206F4A9FF32}.Release|x64.ActiveCfg = Release|Any CPU
		{B695F827-EA25-40AF-9169-5206F4A9FF32}.Release|x64.Build.0 = Release|Any CPU
		{B695F827-EA25-40AF-9169-5206F4A9FF32}.Release|x86.ActiveCfg = Release|Any CPU
		{B695F827-EA25-40AF-9169-5206F4A9FF32}.Release|x86.Build.0 = Release|Any CPU
		{4DFBAC36-BB0D-4AAD-8AF7-DC129967B7D9}.Debug|Any CPU.ActiveCfg = Debug|Any CPU
		{4DFBAC36-BB0D-4AAD-8AF7-DC129967B7D9}.Debug|Any CPU.Build.0 = Debug|Any CPU
		{4DFBAC36-BB0D-4AAD-8AF7-DC129967B7D9}.Debug|x64.ActiveCfg = Debug|Any CPU
		{4DFBAC36-BB0D-4AAD-8AF7-DC129967B7D9}.Debug|x64.Build.0 = Debug|Any CPU
		{4DFBAC36-BB0D-4AAD-8AF7-DC129967B7D9}.Debug|x86.ActiveCfg = Debug|Any CPU
		{4DFBAC36-BB0D-4AAD-8AF7-DC129967B7D9}.Debug|x86.Build.0 = Debug|Any CPU
		{4DFBAC36-BB0D-4AAD-8AF7-DC129967B7D9}.Release|Any CPU.ActiveCfg = Release|Any CPU
		{4DFBAC36-BB0D-4AAD-8AF7-DC129967B7D9}.Release|Any CPU.Build.0 = Release|Any CPU
		{4DFBAC36-BB0D-4AAD-8AF7-DC129967B7D9}.Release|x64.ActiveCfg = Release|Any CPU
		{4DFBAC36-BB0D-4AAD-8AF7-DC129967B7D9}.Release|x64.Build.0 = Release|Any CPU
		{4DFBAC36-BB0D-4AAD-8AF7-DC129967B7D9}.Release|x86.ActiveCfg = Release|Any CPU
		{4DFBAC36-BB0D-4AAD-8AF7-DC129967B7D9}.Release|x86.Build.0 = Release|Any CPU
		{EF3AB1CA-24EC-4D77-BB1C-8AC095A6F7DE}.Debug|Any CPU.ActiveCfg = Debug|Any CPU
		{EF3AB1CA-24EC-4D77-BB1C-8AC095A6F7DE}.Debug|Any CPU.Build.0 = Debug|Any CPU
		{EF3AB1CA-24EC-4D77-BB1C-8AC095A6F7DE}.Debug|x64.ActiveCfg = Debug|Any CPU
		{EF3AB1CA-24EC-4D77-BB1C-8AC095A6F7DE}.Debug|x64.Build.0 = Debug|Any CPU
		{EF3AB1CA-24EC-4D77-BB1C-8AC095A6F7DE}.Debug|x86.ActiveCfg = Debug|Any CPU
		{EF3AB1CA-24EC-4D77-BB1C-8AC095A6F7DE}.Debug|x86.Build.0 = Debug|Any CPU
		{EF3AB1CA-24EC-4D77-BB1C-8AC095A6F7DE}.Release|Any CPU.ActiveCfg = Release|Any CPU
		{EF3AB1CA-24EC-4D77-BB1C-8AC095A6F7DE}.Release|Any CPU.Build.0 = Release|Any CPU
		{EF3AB1CA-24EC-4D77-BB1C-8AC095A6F7DE}.Release|x64.ActiveCfg = Release|Any CPU
		{EF3AB1CA-24EC-4D77-BB1C-8AC095A6F7DE}.Release|x64.Build.0 = Release|Any CPU
		{EF3AB1CA-24EC-4D77-BB1C-8AC095A6F7DE}.Release|x86.ActiveCfg = Release|Any CPU
		{EF3AB1CA-24EC-4D77-BB1C-8AC095A6F7DE}.Release|x86.Build.0 = Release|Any CPU
		{FB518BC5-5797-41A3-A085-7FE76EE5A7F6}.Debug|Any CPU.ActiveCfg = Debug|Any CPU
		{FB518BC5-5797-41A3-A085-7FE76EE5A7F6}.Debug|Any CPU.Build.0 = Debug|Any CPU
		{FB518BC5-5797-41A3-A085-7FE76EE5A7F6}.Debug|x64.ActiveCfg = Debug|Any CPU
		{FB518BC5-5797-41A3-A085-7FE76EE5A7F6}.Debug|x64.Build.0 = Debug|Any CPU
		{FB518BC5-5797-41A3-A085-7FE76EE5A7F6}.Debug|x86.ActiveCfg = Debug|Any CPU
		{FB518BC5-5797-41A3-A085-7FE76EE5A7F6}.Debug|x86.Build.0 = Debug|Any CPU
		{FB518BC5-5797-41A3-A085-7FE76EE5A7F6}.Release|Any CPU.ActiveCfg = Release|Any CPU
		{FB518BC5-5797-41A3-A085-7FE76EE5A7F6}.Release|Any CPU.Build.0 = Release|Any CPU
		{FB518BC5-5797-41A3-A085-7FE76EE5A7F6}.Release|x64.ActiveCfg = Release|Any CPU
		{FB518BC5-5797-41A3-A085-7FE76EE5A7F6}.Release|x64.Build.0 = Release|Any CPU
		{FB518BC5-5797-41A3-A085-7FE76EE5A7F6}.Release|x86.ActiveCfg = Release|Any CPU
		{FB518BC5-5797-41A3-A085-7FE76EE5A7F6}.Release|x86.Build.0 = Release|Any CPU
		{F38D7945-2896-48F7-84B5-491A983D4FE1}.Debug|Any CPU.ActiveCfg = Debug|Any CPU
		{F38D7945-2896-48F7-84B5-491A983D4FE1}.Debug|Any CPU.Build.0 = Debug|Any CPU
		{F38D7945-2896-48F7-84B5-491A983D4FE1}.Debug|x64.ActiveCfg = Debug|Any CPU
		{F38D7945-2896-48F7-84B5-491A983D4FE1}.Debug|x64.Build.0 = Debug|Any CPU
		{F38D7945-2896-48F7-84B5-491A983D4FE1}.Debug|x86.ActiveCfg = Debug|Any CPU
		{F38D7945-2896-48F7-84B5-491A983D4FE1}.Debug|x86.Build.0 = Debug|Any CPU
		{F38D7945-2896-48F7-84B5-491A983D4FE1}.Release|Any CPU.ActiveCfg = Release|Any CPU
		{F38D7945-2896-48F7-84B5-491A983D4FE1}.Release|Any CPU.Build.0 = Release|Any CPU
		{F38D7945-2896-48F7-84B5-491A983D4FE1}.Release|x64.ActiveCfg = Release|Any CPU
		{F38D7945-2896-48F7-84B5-491A983D4FE1}.Release|x64.Build.0 = Release|Any CPU
		{F38D7945-2896-48F7-84B5-491A983D4FE1}.Release|x86.ActiveCfg = Release|Any CPU
		{F38D7945-2896-48F7-84B5-491A983D4FE1}.Release|x86.Build.0 = Release|Any CPU
		{A8BE4D4F-DA09-44D1-A613-95EAE0948242}.Debug|Any CPU.ActiveCfg = Debug|Any CPU
		{A8BE4D4F-DA09-44D1-A613-95EAE0948242}.Debug|Any CPU.Build.0 = Debug|Any CPU
		{A8BE4D4F-DA09-44D1-A613-95EAE0948242}.Debug|x64.ActiveCfg = Debug|Any CPU
		{A8BE4D4F-DA09-44D1-A613-95EAE0948242}.Debug|x64.Build.0 = Debug|Any CPU
		{A8BE4D4F-DA09-44D1-A613-95EAE0948242}.Debug|x86.ActiveCfg = Debug|Any CPU
		{A8BE4D4F-DA09-44D1-A613-95EAE0948242}.Debug|x86.Build.0 = Debug|Any CPU
		{A8BE4D4F-DA09-44D1-A613-95EAE0948242}.Release|Any CPU.ActiveCfg = Release|Any CPU
		{A8BE4D4F-DA09-44D1-A613-95EAE0948242}.Release|Any CPU.Build.0 = Release|Any CPU
		{A8BE4D4F-DA09-44D1-A613-95EAE0948242}.Release|x64.ActiveCfg = Release|Any CPU
		{A8BE4D4F-DA09-44D1-A613-95EAE0948242}.Release|x64.Build.0 = Release|Any CPU
		{A8BE4D4F-DA09-44D1-A613-95EAE0948242}.Release|x86.ActiveCfg = Release|Any CPU
		{A8BE4D4F-DA09-44D1-A613-95EAE0948242}.Release|x86.Build.0 = Release|Any CPU
		{F1AC0D56-BCE6-4B5F-B5C8-51CF74F0C110}.Debug|Any CPU.ActiveCfg = Debug|Any CPU
		{F1AC0D56-BCE6-4B5F-B5C8-51CF74F0C110}.Debug|Any CPU.Build.0 = Debug|Any CPU
		{F1AC0D56-BCE6-4B5F-B5C8-51CF74F0C110}.Debug|x64.ActiveCfg = Debug|Any CPU
		{F1AC0D56-BCE6-4B5F-B5C8-51CF74F0C110}.Debug|x64.Build.0 = Debug|Any CPU
		{F1AC0D56-BCE6-4B5F-B5C8-51CF74F0C110}.Debug|x86.ActiveCfg = Debug|Any CPU
		{F1AC0D56-BCE6-4B5F-B5C8-51CF74F0C110}.Debug|x86.Build.0 = Debug|Any CPU
		{F1AC0D56-BCE6-4B5F-B5C8-51CF74F0C110}.Release|Any CPU.ActiveCfg = Release|Any CPU
		{F1AC0D56-BCE6-4B5F-B5C8-51CF74F0C110}.Release|Any CPU.Build.0 = Release|Any CPU
		{F1AC0D56-BCE6-4B5F-B5C8-51CF74F0C110}.Release|x64.ActiveCfg = Release|Any CPU
		{F1AC0D56-BCE6-4B5F-B5C8-51CF74F0C110}.Release|x64.Build.0 = Release|Any CPU
		{F1AC0D56-BCE6-4B5F-B5C8-51CF74F0C110}.Release|x86.ActiveCfg = Release|Any CPU
		{F1AC0D56-BCE6-4B5F-B5C8-51CF74F0C110}.Release|x86.Build.0 = Release|Any CPU
		{7892B1D8-5170-475B-BF2E-77B5F5F2F085}.Debug|Any CPU.ActiveCfg = Debug|Any CPU
		{7892B1D8-5170-475B-BF2E-77B5F5F2F085}.Debug|Any CPU.Build.0 = Debug|Any CPU
		{7892B1D8-5170-475B-BF2E-77B5F5F2F085}.Debug|x64.ActiveCfg = Debug|Any CPU
		{7892B1D8-5170-475B-BF2E-77B5F5F2F085}.Debug|x64.Build.0 = Debug|Any CPU
		{7892B1D8-5170-475B-BF2E-77B5F5F2F085}.Debug|x86.ActiveCfg = Debug|Any CPU
		{7892B1D8-5170-475B-BF2E-77B5F5F2F085}.Debug|x86.Build.0 = Debug|Any CPU
		{7892B1D8-5170-475B-BF2E-77B5F5F2F085}.Release|Any CPU.ActiveCfg = Release|Any CPU
		{7892B1D8-5170-475B-BF2E-77B5F5F2F085}.Release|Any CPU.Build.0 = Release|Any CPU
		{7892B1D8-5170-475B-BF2E-77B5F5F2F085}.Release|x64.ActiveCfg = Release|Any CPU
		{7892B1D8-5170-475B-BF2E-77B5F5F2F085}.Release|x64.Build.0 = Release|Any CPU
		{7892B1D8-5170-475B-BF2E-77B5F5F2F085}.Release|x86.ActiveCfg = Release|Any CPU
		{7892B1D8-5170-475B-BF2E-77B5F5F2F085}.Release|x86.Build.0 = Release|Any CPU
		{02EF1BFB-AC60-4853-9190-5389F65DC638}.Debug|Any CPU.ActiveCfg = Debug|Any CPU
		{02EF1BFB-AC60-4853-9190-5389F65DC638}.Debug|Any CPU.Build.0 = Debug|Any CPU
		{02EF1BFB-AC60-4853-9190-5389F65DC638}.Debug|x64.ActiveCfg = Debug|Any CPU
		{02EF1BFB-AC60-4853-9190-5389F65DC638}.Debug|x64.Build.0 = Debug|Any CPU
		{02EF1BFB-AC60-4853-9190-5389F65DC638}.Debug|x86.ActiveCfg = Debug|Any CPU
		{02EF1BFB-AC60-4853-9190-5389F65DC638}.Debug|x86.Build.0 = Debug|Any CPU
		{02EF1BFB-AC60-4853-9190-5389F65DC638}.Release|Any CPU.ActiveCfg = Release|Any CPU
		{02EF1BFB-AC60-4853-9190-5389F65DC638}.Release|Any CPU.Build.0 = Release|Any CPU
		{02EF1BFB-AC60-4853-9190-5389F65DC638}.Release|x64.ActiveCfg = Release|Any CPU
		{02EF1BFB-AC60-4853-9190-5389F65DC638}.Release|x64.Build.0 = Release|Any CPU
		{02EF1BFB-AC60-4853-9190-5389F65DC638}.Release|x86.ActiveCfg = Release|Any CPU
		{02EF1BFB-AC60-4853-9190-5389F65DC638}.Release|x86.Build.0 = Release|Any CPU
		{B87CCDF4-A443-47A0-8A56-1CEB0A6EBACD}.Debug|Any CPU.ActiveCfg = Debug|Any CPU
		{B87CCDF4-A443-47A0-8A56-1CEB0A6EBACD}.Debug|Any CPU.Build.0 = Debug|Any CPU
		{B87CCDF4-A443-47A0-8A56-1CEB0A6EBACD}.Debug|x64.ActiveCfg = Debug|Any CPU
		{B87CCDF4-A443-47A0-8A56-1CEB0A6EBACD}.Debug|x64.Build.0 = Debug|Any CPU
		{B87CCDF4-A443-47A0-8A56-1CEB0A6EBACD}.Debug|x86.ActiveCfg = Debug|Any CPU
		{B87CCDF4-A443-47A0-8A56-1CEB0A6EBACD}.Debug|x86.Build.0 = Debug|Any CPU
		{B87CCDF4-A443-47A0-8A56-1CEB0A6EBACD}.Release|Any CPU.ActiveCfg = Release|Any CPU
		{B87CCDF4-A443-47A0-8A56-1CEB0A6EBACD}.Release|Any CPU.Build.0 = Release|Any CPU
		{B87CCDF4-A443-47A0-8A56-1CEB0A6EBACD}.Release|x64.ActiveCfg = Release|Any CPU
		{B87CCDF4-A443-47A0-8A56-1CEB0A6EBACD}.Release|x64.Build.0 = Release|Any CPU
		{B87CCDF4-A443-47A0-8A56-1CEB0A6EBACD}.Release|x86.ActiveCfg = Release|Any CPU
		{B87CCDF4-A443-47A0-8A56-1CEB0A6EBACD}.Release|x86.Build.0 = Release|Any CPU
		{D266C5C9-D82A-4E4E-9ABB-8C1941295A08}.Debug|Any CPU.ActiveCfg = Debug|Any CPU
		{D266C5C9-D82A-4E4E-9ABB-8C1941295A08}.Debug|Any CPU.Build.0 = Debug|Any CPU
		{D266C5C9-D82A-4E4E-9ABB-8C1941295A08}.Debug|x64.ActiveCfg = Debug|Any CPU
		{D266C5C9-D82A-4E4E-9ABB-8C1941295A08}.Debug|x64.Build.0 = Debug|Any CPU
		{D266C5C9-D82A-4E4E-9ABB-8C1941295A08}.Debug|x86.ActiveCfg = Debug|Any CPU
		{D266C5C9-D82A-4E4E-9ABB-8C1941295A08}.Debug|x86.Build.0 = Debug|Any CPU
		{D266C5C9-D82A-4E4E-9ABB-8C1941295A08}.Release|Any CPU.ActiveCfg = Release|Any CPU
		{D266C5C9-D82A-4E4E-9ABB-8C1941295A08}.Release|Any CPU.Build.0 = Release|Any CPU
		{D266C5C9-D82A-4E4E-9ABB-8C1941295A08}.Release|x64.ActiveCfg = Release|Any CPU
		{D266C5C9-D82A-4E4E-9ABB-8C1941295A08}.Release|x64.Build.0 = Release|Any CPU
		{D266C5C9-D82A-4E4E-9ABB-8C1941295A08}.Release|x86.ActiveCfg = Release|Any CPU
		{D266C5C9-D82A-4E4E-9ABB-8C1941295A08}.Release|x86.Build.0 = Release|Any CPU
		{993D95D7-2BB6-4414-8F8A-C097B40173D4}.Debug|Any CPU.ActiveCfg = Debug|Any CPU
		{993D95D7-2BB6-4414-8F8A-C097B40173D4}.Debug|Any CPU.Build.0 = Debug|Any CPU
		{993D95D7-2BB6-4414-8F8A-C097B40173D4}.Debug|x64.ActiveCfg = Debug|Any CPU
		{993D95D7-2BB6-4414-8F8A-C097B40173D4}.Debug|x64.Build.0 = Debug|Any CPU
		{993D95D7-2BB6-4414-8F8A-C097B40173D4}.Debug|x86.ActiveCfg = Debug|Any CPU
		{993D95D7-2BB6-4414-8F8A-C097B40173D4}.Debug|x86.Build.0 = Debug|Any CPU
		{993D95D7-2BB6-4414-8F8A-C097B40173D4}.Release|Any CPU.ActiveCfg = Release|Any CPU
		{993D95D7-2BB6-4414-8F8A-C097B40173D4}.Release|Any CPU.Build.0 = Release|Any CPU
		{993D95D7-2BB6-4414-8F8A-C097B40173D4}.Release|x64.ActiveCfg = Release|Any CPU
		{993D95D7-2BB6-4414-8F8A-C097B40173D4}.Release|x64.Build.0 = Release|Any CPU
		{993D95D7-2BB6-4414-8F8A-C097B40173D4}.Release|x86.ActiveCfg = Release|Any CPU
		{993D95D7-2BB6-4414-8F8A-C097B40173D4}.Release|x86.Build.0 = Release|Any CPU
		{9AAB5E5D-B32D-440C-87DC-5BCB72F25E08}.Debug|Any CPU.ActiveCfg = Debug|Any CPU
		{9AAB5E5D-B32D-440C-87DC-5BCB72F25E08}.Debug|Any CPU.Build.0 = Debug|Any CPU
		{9AAB5E5D-B32D-440C-87DC-5BCB72F25E08}.Debug|x64.ActiveCfg = Debug|Any CPU
		{9AAB5E5D-B32D-440C-87DC-5BCB72F25E08}.Debug|x64.Build.0 = Debug|Any CPU
		{9AAB5E5D-B32D-440C-87DC-5BCB72F25E08}.Debug|x86.ActiveCfg = Debug|Any CPU
		{9AAB5E5D-B32D-440C-87DC-5BCB72F25E08}.Debug|x86.Build.0 = Debug|Any CPU
		{9AAB5E5D-B32D-440C-87DC-5BCB72F25E08}.Release|Any CPU.ActiveCfg = Release|Any CPU
		{9AAB5E5D-B32D-440C-87DC-5BCB72F25E08}.Release|Any CPU.Build.0 = Release|Any CPU
		{9AAB5E5D-B32D-440C-87DC-5BCB72F25E08}.Release|x64.ActiveCfg = Release|Any CPU
		{9AAB5E5D-B32D-440C-87DC-5BCB72F25E08}.Release|x64.Build.0 = Release|Any CPU
		{9AAB5E5D-B32D-440C-87DC-5BCB72F25E08}.Release|x86.ActiveCfg = Release|Any CPU
		{9AAB5E5D-B32D-440C-87DC-5BCB72F25E08}.Release|x86.Build.0 = Release|Any CPU
		{DD4E4986-56F1-4A07-A857-B71CBF0C453C}.Debug|Any CPU.ActiveCfg = Debug|Any CPU
		{DD4E4986-56F1-4A07-A857-B71CBF0C453C}.Debug|Any CPU.Build.0 = Debug|Any CPU
		{DD4E4986-56F1-4A07-A857-B71CBF0C453C}.Debug|x64.ActiveCfg = Debug|Any CPU
		{DD4E4986-56F1-4A07-A857-B71CBF0C453C}.Debug|x64.Build.0 = Debug|Any CPU
		{DD4E4986-56F1-4A07-A857-B71CBF0C453C}.Debug|x86.ActiveCfg = Debug|Any CPU
		{DD4E4986-56F1-4A07-A857-B71CBF0C453C}.Debug|x86.Build.0 = Debug|Any CPU
		{DD4E4986-56F1-4A07-A857-B71CBF0C453C}.Release|Any CPU.ActiveCfg = Release|Any CPU
		{DD4E4986-56F1-4A07-A857-B71CBF0C453C}.Release|Any CPU.Build.0 = Release|Any CPU
		{DD4E4986-56F1-4A07-A857-B71CBF0C453C}.Release|x64.ActiveCfg = Release|Any CPU
		{DD4E4986-56F1-4A07-A857-B71CBF0C453C}.Release|x64.Build.0 = Release|Any CPU
		{DD4E4986-56F1-4A07-A857-B71CBF0C453C}.Release|x86.ActiveCfg = Release|Any CPU
		{DD4E4986-56F1-4A07-A857-B71CBF0C453C}.Release|x86.Build.0 = Release|Any CPU
		{288013AC-398A-4ECC-B793-E223C2EDBAC4}.Debug|Any CPU.ActiveCfg = Debug|Any CPU
		{288013AC-398A-4ECC-B793-E223C2EDBAC4}.Debug|Any CPU.Build.0 = Debug|Any CPU
		{288013AC-398A-4ECC-B793-E223C2EDBAC4}.Debug|x64.ActiveCfg = Debug|Any CPU
		{288013AC-398A-4ECC-B793-E223C2EDBAC4}.Debug|x64.Build.0 = Debug|Any CPU
		{288013AC-398A-4ECC-B793-E223C2EDBAC4}.Debug|x86.ActiveCfg = Debug|Any CPU
		{288013AC-398A-4ECC-B793-E223C2EDBAC4}.Debug|x86.Build.0 = Debug|Any CPU
		{288013AC-398A-4ECC-B793-E223C2EDBAC4}.Release|Any CPU.ActiveCfg = Release|Any CPU
		{288013AC-398A-4ECC-B793-E223C2EDBAC4}.Release|Any CPU.Build.0 = Release|Any CPU
		{288013AC-398A-4ECC-B793-E223C2EDBAC4}.Release|x64.ActiveCfg = Release|Any CPU
		{288013AC-398A-4ECC-B793-E223C2EDBAC4}.Release|x64.Build.0 = Release|Any CPU
		{288013AC-398A-4ECC-B793-E223C2EDBAC4}.Release|x86.ActiveCfg = Release|Any CPU
		{288013AC-398A-4ECC-B793-E223C2EDBAC4}.Release|x86.Build.0 = Release|Any CPU
		{C6F2EEE5-A6B0-47CD-9D4A-4C0E0AA78E74}.Debug|Any CPU.ActiveCfg = Debug|Any CPU
		{C6F2EEE5-A6B0-47CD-9D4A-4C0E0AA78E74}.Debug|Any CPU.Build.0 = Debug|Any CPU
		{C6F2EEE5-A6B0-47CD-9D4A-4C0E0AA78E74}.Debug|x64.ActiveCfg = Debug|Any CPU
		{C6F2EEE5-A6B0-47CD-9D4A-4C0E0AA78E74}.Debug|x64.Build.0 = Debug|Any CPU
		{C6F2EEE5-A6B0-47CD-9D4A-4C0E0AA78E74}.Debug|x86.ActiveCfg = Debug|Any CPU
		{C6F2EEE5-A6B0-47CD-9D4A-4C0E0AA78E74}.Debug|x86.Build.0 = Debug|Any CPU
		{C6F2EEE5-A6B0-47CD-9D4A-4C0E0AA78E74}.Release|Any CPU.ActiveCfg = Release|Any CPU
		{C6F2EEE5-A6B0-47CD-9D4A-4C0E0AA78E74}.Release|Any CPU.Build.0 = Release|Any CPU
		{C6F2EEE5-A6B0-47CD-9D4A-4C0E0AA78E74}.Release|x64.ActiveCfg = Release|Any CPU
		{C6F2EEE5-A6B0-47CD-9D4A-4C0E0AA78E74}.Release|x64.Build.0 = Release|Any CPU
		{C6F2EEE5-A6B0-47CD-9D4A-4C0E0AA78E74}.Release|x86.ActiveCfg = Release|Any CPU
		{C6F2EEE5-A6B0-47CD-9D4A-4C0E0AA78E74}.Release|x86.Build.0 = Release|Any CPU
		{BE44817A-BD7B-4427-A5FF-1DC6B9D634A2}.Debug|Any CPU.ActiveCfg = Debug|Any CPU
		{BE44817A-BD7B-4427-A5FF-1DC6B9D634A2}.Debug|Any CPU.Build.0 = Debug|Any CPU
		{BE44817A-BD7B-4427-A5FF-1DC6B9D634A2}.Debug|x64.ActiveCfg = Debug|Any CPU
		{BE44817A-BD7B-4427-A5FF-1DC6B9D634A2}.Debug|x64.Build.0 = Debug|Any CPU
		{BE44817A-BD7B-4427-A5FF-1DC6B9D634A2}.Debug|x86.ActiveCfg = Debug|Any CPU
		{BE44817A-BD7B-4427-A5FF-1DC6B9D634A2}.Debug|x86.Build.0 = Debug|Any CPU
		{BE44817A-BD7B-4427-A5FF-1DC6B9D634A2}.Release|Any CPU.ActiveCfg = Release|Any CPU
		{BE44817A-BD7B-4427-A5FF-1DC6B9D634A2}.Release|Any CPU.Build.0 = Release|Any CPU
		{BE44817A-BD7B-4427-A5FF-1DC6B9D634A2}.Release|x64.ActiveCfg = Release|Any CPU
		{BE44817A-BD7B-4427-A5FF-1DC6B9D634A2}.Release|x64.Build.0 = Release|Any CPU
		{BE44817A-BD7B-4427-A5FF-1DC6B9D634A2}.Release|x86.ActiveCfg = Release|Any CPU
		{BE44817A-BD7B-4427-A5FF-1DC6B9D634A2}.Release|x86.Build.0 = Release|Any CPU
		{2F54E37B-8A8D-4DB0-A28D-B1E2CC635296}.Debug|Any CPU.ActiveCfg = Debug|Any CPU
		{2F54E37B-8A8D-4DB0-A28D-B1E2CC635296}.Debug|Any CPU.Build.0 = Debug|Any CPU
		{2F54E37B-8A8D-4DB0-A28D-B1E2CC635296}.Debug|x64.ActiveCfg = Debug|Any CPU
		{2F54E37B-8A8D-4DB0-A28D-B1E2CC635296}.Debug|x64.Build.0 = Debug|Any CPU
		{2F54E37B-8A8D-4DB0-A28D-B1E2CC635296}.Debug|x86.ActiveCfg = Debug|Any CPU
		{2F54E37B-8A8D-4DB0-A28D-B1E2CC635296}.Debug|x86.Build.0 = Debug|Any CPU
		{2F54E37B-8A8D-4DB0-A28D-B1E2CC635296}.Release|Any CPU.ActiveCfg = Release|Any CPU
		{2F54E37B-8A8D-4DB0-A28D-B1E2CC635296}.Release|Any CPU.Build.0 = Release|Any CPU
		{2F54E37B-8A8D-4DB0-A28D-B1E2CC635296}.Release|x64.ActiveCfg = Release|Any CPU
		{2F54E37B-8A8D-4DB0-A28D-B1E2CC635296}.Release|x64.Build.0 = Release|Any CPU
		{2F54E37B-8A8D-4DB0-A28D-B1E2CC635296}.Release|x86.ActiveCfg = Release|Any CPU
		{2F54E37B-8A8D-4DB0-A28D-B1E2CC635296}.Release|x86.Build.0 = Release|Any CPU
		{1BF9824C-D211-493A-9091-782765FCC4F0}.Debug|Any CPU.ActiveCfg = Debug|Any CPU
		{1BF9824C-D211-493A-9091-782765FCC4F0}.Debug|Any CPU.Build.0 = Debug|Any CPU
		{1BF9824C-D211-493A-9091-782765FCC4F0}.Debug|x64.ActiveCfg = Debug|Any CPU
		{1BF9824C-D211-493A-9091-782765FCC4F0}.Debug|x64.Build.0 = Debug|Any CPU
		{1BF9824C-D211-493A-9091-782765FCC4F0}.Debug|x86.ActiveCfg = Debug|Any CPU
		{1BF9824C-D211-493A-9091-782765FCC4F0}.Debug|x86.Build.0 = Debug|Any CPU
		{1BF9824C-D211-493A-9091-782765FCC4F0}.Release|Any CPU.ActiveCfg = Release|Any CPU
		{1BF9824C-D211-493A-9091-782765FCC4F0}.Release|Any CPU.Build.0 = Release|Any CPU
		{1BF9824C-D211-493A-9091-782765FCC4F0}.Release|x64.ActiveCfg = Release|Any CPU
		{1BF9824C-D211-493A-9091-782765FCC4F0}.Release|x64.Build.0 = Release|Any CPU
		{1BF9824C-D211-493A-9091-782765FCC4F0}.Release|x86.ActiveCfg = Release|Any CPU
		{1BF9824C-D211-493A-9091-782765FCC4F0}.Release|x86.Build.0 = Release|Any CPU
		{7F88375F-0C6A-4D00-BB3D-4CC10EFD06D2}.Debug|Any CPU.ActiveCfg = Debug|Any CPU
		{7F88375F-0C6A-4D00-BB3D-4CC10EFD06D2}.Debug|Any CPU.Build.0 = Debug|Any CPU
		{7F88375F-0C6A-4D00-BB3D-4CC10EFD06D2}.Debug|x64.ActiveCfg = Debug|Any CPU
		{7F88375F-0C6A-4D00-BB3D-4CC10EFD06D2}.Debug|x64.Build.0 = Debug|Any CPU
		{7F88375F-0C6A-4D00-BB3D-4CC10EFD06D2}.Debug|x86.ActiveCfg = Debug|Any CPU
		{7F88375F-0C6A-4D00-BB3D-4CC10EFD06D2}.Debug|x86.Build.0 = Debug|Any CPU
		{7F88375F-0C6A-4D00-BB3D-4CC10EFD06D2}.Release|Any CPU.ActiveCfg = Release|Any CPU
		{7F88375F-0C6A-4D00-BB3D-4CC10EFD06D2}.Release|Any CPU.Build.0 = Release|Any CPU
		{7F88375F-0C6A-4D00-BB3D-4CC10EFD06D2}.Release|x64.ActiveCfg = Release|Any CPU
		{7F88375F-0C6A-4D00-BB3D-4CC10EFD06D2}.Release|x64.Build.0 = Release|Any CPU
		{7F88375F-0C6A-4D00-BB3D-4CC10EFD06D2}.Release|x86.ActiveCfg = Release|Any CPU
		{7F88375F-0C6A-4D00-BB3D-4CC10EFD06D2}.Release|x86.Build.0 = Release|Any CPU
		{15997410-7412-4717-AAD6-44CB987D0110}.Debug|Any CPU.ActiveCfg = Debug|Any CPU
		{15997410-7412-4717-AAD6-44CB987D0110}.Debug|Any CPU.Build.0 = Debug|Any CPU
		{15997410-7412-4717-AAD6-44CB987D0110}.Debug|x64.ActiveCfg = Debug|Any CPU
		{15997410-7412-4717-AAD6-44CB987D0110}.Debug|x64.Build.0 = Debug|Any CPU
		{15997410-7412-4717-AAD6-44CB987D0110}.Debug|x86.ActiveCfg = Debug|Any CPU
		{15997410-7412-4717-AAD6-44CB987D0110}.Debug|x86.Build.0 = Debug|Any CPU
		{15997410-7412-4717-AAD6-44CB987D0110}.Release|Any CPU.ActiveCfg = Release|Any CPU
		{15997410-7412-4717-AAD6-44CB987D0110}.Release|Any CPU.Build.0 = Release|Any CPU
		{15997410-7412-4717-AAD6-44CB987D0110}.Release|x64.ActiveCfg = Release|Any CPU
		{15997410-7412-4717-AAD6-44CB987D0110}.Release|x64.Build.0 = Release|Any CPU
		{15997410-7412-4717-AAD6-44CB987D0110}.Release|x86.ActiveCfg = Release|Any CPU
		{15997410-7412-4717-AAD6-44CB987D0110}.Release|x86.Build.0 = Release|Any CPU
		{9C206F0F-07D9-43F7-87E3-3A28E4456429}.Debug|Any CPU.ActiveCfg = Debug|Any CPU
		{9C206F0F-07D9-43F7-87E3-3A28E4456429}.Debug|Any CPU.Build.0 = Debug|Any CPU
		{9C206F0F-07D9-43F7-87E3-3A28E4456429}.Debug|x64.ActiveCfg = Debug|Any CPU
		{9C206F0F-07D9-43F7-87E3-3A28E4456429}.Debug|x64.Build.0 = Debug|Any CPU
		{9C206F0F-07D9-43F7-87E3-3A28E4456429}.Debug|x86.ActiveCfg = Debug|Any CPU
		{9C206F0F-07D9-43F7-87E3-3A28E4456429}.Debug|x86.Build.0 = Debug|Any CPU
		{9C206F0F-07D9-43F7-87E3-3A28E4456429}.Release|Any CPU.ActiveCfg = Release|Any CPU
		{9C206F0F-07D9-43F7-87E3-3A28E4456429}.Release|Any CPU.Build.0 = Release|Any CPU
		{9C206F0F-07D9-43F7-87E3-3A28E4456429}.Release|x64.ActiveCfg = Release|Any CPU
		{9C206F0F-07D9-43F7-87E3-3A28E4456429}.Release|x64.Build.0 = Release|Any CPU
		{9C206F0F-07D9-43F7-87E3-3A28E4456429}.Release|x86.ActiveCfg = Release|Any CPU
		{9C206F0F-07D9-43F7-87E3-3A28E4456429}.Release|x86.Build.0 = Release|Any CPU
		{DC9152E8-B2FD-4815-BB9A-051CDB48998B}.Debug|Any CPU.ActiveCfg = Debug|Any CPU
		{DC9152E8-B2FD-4815-BB9A-051CDB48998B}.Debug|Any CPU.Build.0 = Debug|Any CPU
		{DC9152E8-B2FD-4815-BB9A-051CDB48998B}.Debug|x64.ActiveCfg = Debug|Any CPU
		{DC9152E8-B2FD-4815-BB9A-051CDB48998B}.Debug|x64.Build.0 = Debug|Any CPU
		{DC9152E8-B2FD-4815-BB9A-051CDB48998B}.Debug|x86.ActiveCfg = Debug|Any CPU
		{DC9152E8-B2FD-4815-BB9A-051CDB48998B}.Debug|x86.Build.0 = Debug|Any CPU
		{DC9152E8-B2FD-4815-BB9A-051CDB48998B}.Release|Any CPU.ActiveCfg = Release|Any CPU
		{DC9152E8-B2FD-4815-BB9A-051CDB48998B}.Release|Any CPU.Build.0 = Release|Any CPU
		{DC9152E8-B2FD-4815-BB9A-051CDB48998B}.Release|x64.ActiveCfg = Release|Any CPU
		{DC9152E8-B2FD-4815-BB9A-051CDB48998B}.Release|x64.Build.0 = Release|Any CPU
		{DC9152E8-B2FD-4815-BB9A-051CDB48998B}.Release|x86.ActiveCfg = Release|Any CPU
		{DC9152E8-B2FD-4815-BB9A-051CDB48998B}.Release|x86.Build.0 = Release|Any CPU
		{B812632A-EF63-40A2-8421-A3533D30C037}.Debug|Any CPU.ActiveCfg = Debug|Any CPU
		{B812632A-EF63-40A2-8421-A3533D30C037}.Debug|Any CPU.Build.0 = Debug|Any CPU
		{B812632A-EF63-40A2-8421-A3533D30C037}.Debug|x64.ActiveCfg = Debug|Any CPU
		{B812632A-EF63-40A2-8421-A3533D30C037}.Debug|x64.Build.0 = Debug|Any CPU
		{B812632A-EF63-40A2-8421-A3533D30C037}.Debug|x86.ActiveCfg = Debug|Any CPU
		{B812632A-EF63-40A2-8421-A3533D30C037}.Debug|x86.Build.0 = Debug|Any CPU
		{B812632A-EF63-40A2-8421-A3533D30C037}.Release|Any CPU.ActiveCfg = Release|Any CPU
		{B812632A-EF63-40A2-8421-A3533D30C037}.Release|Any CPU.Build.0 = Release|Any CPU
		{B812632A-EF63-40A2-8421-A3533D30C037}.Release|x64.ActiveCfg = Release|Any CPU
		{B812632A-EF63-40A2-8421-A3533D30C037}.Release|x64.Build.0 = Release|Any CPU
		{B812632A-EF63-40A2-8421-A3533D30C037}.Release|x86.ActiveCfg = Release|Any CPU
		{B812632A-EF63-40A2-8421-A3533D30C037}.Release|x86.Build.0 = Release|Any CPU
		{70375426-7C89-4183-8B83-E68063B2520F}.Debug|Any CPU.ActiveCfg = Debug|Any CPU
		{70375426-7C89-4183-8B83-E68063B2520F}.Debug|Any CPU.Build.0 = Debug|Any CPU
		{70375426-7C89-4183-8B83-E68063B2520F}.Debug|x64.ActiveCfg = Debug|Any CPU
		{70375426-7C89-4183-8B83-E68063B2520F}.Debug|x64.Build.0 = Debug|Any CPU
		{70375426-7C89-4183-8B83-E68063B2520F}.Debug|x86.ActiveCfg = Debug|Any CPU
		{70375426-7C89-4183-8B83-E68063B2520F}.Debug|x86.Build.0 = Debug|Any CPU
		{70375426-7C89-4183-8B83-E68063B2520F}.Release|Any CPU.ActiveCfg = Release|Any CPU
		{70375426-7C89-4183-8B83-E68063B2520F}.Release|Any CPU.Build.0 = Release|Any CPU
		{70375426-7C89-4183-8B83-E68063B2520F}.Release|x64.ActiveCfg = Release|Any CPU
		{70375426-7C89-4183-8B83-E68063B2520F}.Release|x64.Build.0 = Release|Any CPU
		{70375426-7C89-4183-8B83-E68063B2520F}.Release|x86.ActiveCfg = Release|Any CPU
		{70375426-7C89-4183-8B83-E68063B2520F}.Release|x86.Build.0 = Release|Any CPU
		{695231B2-7C45-4DBB-9156-F4589B75AF5D}.Debug|Any CPU.ActiveCfg = Debug|Any CPU
		{695231B2-7C45-4DBB-9156-F4589B75AF5D}.Debug|Any CPU.Build.0 = Debug|Any CPU
		{695231B2-7C45-4DBB-9156-F4589B75AF5D}.Debug|x64.ActiveCfg = Debug|Any CPU
		{695231B2-7C45-4DBB-9156-F4589B75AF5D}.Debug|x64.Build.0 = Debug|Any CPU
		{695231B2-7C45-4DBB-9156-F4589B75AF5D}.Debug|x86.ActiveCfg = Debug|Any CPU
		{695231B2-7C45-4DBB-9156-F4589B75AF5D}.Debug|x86.Build.0 = Debug|Any CPU
		{695231B2-7C45-4DBB-9156-F4589B75AF5D}.Release|Any CPU.ActiveCfg = Release|Any CPU
		{695231B2-7C45-4DBB-9156-F4589B75AF5D}.Release|Any CPU.Build.0 = Release|Any CPU
		{695231B2-7C45-4DBB-9156-F4589B75AF5D}.Release|x64.ActiveCfg = Release|Any CPU
		{695231B2-7C45-4DBB-9156-F4589B75AF5D}.Release|x64.Build.0 = Release|Any CPU
		{695231B2-7C45-4DBB-9156-F4589B75AF5D}.Release|x86.ActiveCfg = Release|Any CPU
		{695231B2-7C45-4DBB-9156-F4589B75AF5D}.Release|x86.Build.0 = Release|Any CPU
		{376B013F-C6D1-4DCC-A8DA-B73DF78E736E}.Debug|Any CPU.ActiveCfg = Debug|Any CPU
		{376B013F-C6D1-4DCC-A8DA-B73DF78E736E}.Debug|Any CPU.Build.0 = Debug|Any CPU
		{376B013F-C6D1-4DCC-A8DA-B73DF78E736E}.Debug|x64.ActiveCfg = Debug|Any CPU
		{376B013F-C6D1-4DCC-A8DA-B73DF78E736E}.Debug|x64.Build.0 = Debug|Any CPU
		{376B013F-C6D1-4DCC-A8DA-B73DF78E736E}.Debug|x86.ActiveCfg = Debug|Any CPU
		{376B013F-C6D1-4DCC-A8DA-B73DF78E736E}.Debug|x86.Build.0 = Debug|Any CPU
		{376B013F-C6D1-4DCC-A8DA-B73DF78E736E}.Release|Any CPU.ActiveCfg = Release|Any CPU
		{376B013F-C6D1-4DCC-A8DA-B73DF78E736E}.Release|Any CPU.Build.0 = Release|Any CPU
		{376B013F-C6D1-4DCC-A8DA-B73DF78E736E}.Release|x64.ActiveCfg = Release|Any CPU
		{376B013F-C6D1-4DCC-A8DA-B73DF78E736E}.Release|x64.Build.0 = Release|Any CPU
		{376B013F-C6D1-4DCC-A8DA-B73DF78E736E}.Release|x86.ActiveCfg = Release|Any CPU
		{376B013F-C6D1-4DCC-A8DA-B73DF78E736E}.Release|x86.Build.0 = Release|Any CPU
		{B7CED59D-EF01-478D-BCD6-801F46E96B16}.Debug|Any CPU.ActiveCfg = Debug|Any CPU
		{B7CED59D-EF01-478D-BCD6-801F46E96B16}.Debug|Any CPU.Build.0 = Debug|Any CPU
		{B7CED59D-EF01-478D-BCD6-801F46E96B16}.Debug|x64.ActiveCfg = Debug|Any CPU
		{B7CED59D-EF01-478D-BCD6-801F46E96B16}.Debug|x64.Build.0 = Debug|Any CPU
		{B7CED59D-EF01-478D-BCD6-801F46E96B16}.Debug|x86.ActiveCfg = Debug|Any CPU
		{B7CED59D-EF01-478D-BCD6-801F46E96B16}.Debug|x86.Build.0 = Debug|Any CPU
		{B7CED59D-EF01-478D-BCD6-801F46E96B16}.Release|Any CPU.ActiveCfg = Release|Any CPU
		{B7CED59D-EF01-478D-BCD6-801F46E96B16}.Release|Any CPU.Build.0 = Release|Any CPU
		{B7CED59D-EF01-478D-BCD6-801F46E96B16}.Release|x64.ActiveCfg = Release|Any CPU
		{B7CED59D-EF01-478D-BCD6-801F46E96B16}.Release|x64.Build.0 = Release|Any CPU
		{B7CED59D-EF01-478D-BCD6-801F46E96B16}.Release|x86.ActiveCfg = Release|Any CPU
		{B7CED59D-EF01-478D-BCD6-801F46E96B16}.Release|x86.Build.0 = Release|Any CPU
		{04BD8764-1D46-4BDD-9F11-C14F1E834112}.Debug|Any CPU.ActiveCfg = Debug|Any CPU
		{04BD8764-1D46-4BDD-9F11-C14F1E834112}.Debug|Any CPU.Build.0 = Debug|Any CPU
		{04BD8764-1D46-4BDD-9F11-C14F1E834112}.Debug|x64.ActiveCfg = Debug|Any CPU
		{04BD8764-1D46-4BDD-9F11-C14F1E834112}.Debug|x64.Build.0 = Debug|Any CPU
		{04BD8764-1D46-4BDD-9F11-C14F1E834112}.Debug|x86.ActiveCfg = Debug|Any CPU
		{04BD8764-1D46-4BDD-9F11-C14F1E834112}.Debug|x86.Build.0 = Debug|Any CPU
		{04BD8764-1D46-4BDD-9F11-C14F1E834112}.Release|Any CPU.ActiveCfg = Release|Any CPU
		{04BD8764-1D46-4BDD-9F11-C14F1E834112}.Release|Any CPU.Build.0 = Release|Any CPU
		{04BD8764-1D46-4BDD-9F11-C14F1E834112}.Release|x64.ActiveCfg = Release|Any CPU
		{04BD8764-1D46-4BDD-9F11-C14F1E834112}.Release|x64.Build.0 = Release|Any CPU
		{04BD8764-1D46-4BDD-9F11-C14F1E834112}.Release|x86.ActiveCfg = Release|Any CPU
		{04BD8764-1D46-4BDD-9F11-C14F1E834112}.Release|x86.Build.0 = Release|Any CPU
		{8102B905-8DC5-432E-9F52-83EEA124E811}.Debug|Any CPU.ActiveCfg = Debug|Any CPU
		{8102B905-8DC5-432E-9F52-83EEA124E811}.Debug|Any CPU.Build.0 = Debug|Any CPU
		{8102B905-8DC5-432E-9F52-83EEA124E811}.Debug|x64.ActiveCfg = Debug|Any CPU
		{8102B905-8DC5-432E-9F52-83EEA124E811}.Debug|x64.Build.0 = Debug|Any CPU
		{8102B905-8DC5-432E-9F52-83EEA124E811}.Debug|x86.ActiveCfg = Debug|Any CPU
		{8102B905-8DC5-432E-9F52-83EEA124E811}.Debug|x86.Build.0 = Debug|Any CPU
		{8102B905-8DC5-432E-9F52-83EEA124E811}.Release|Any CPU.ActiveCfg = Release|Any CPU
		{8102B905-8DC5-432E-9F52-83EEA124E811}.Release|Any CPU.Build.0 = Release|Any CPU
		{8102B905-8DC5-432E-9F52-83EEA124E811}.Release|x64.ActiveCfg = Release|Any CPU
		{8102B905-8DC5-432E-9F52-83EEA124E811}.Release|x64.Build.0 = Release|Any CPU
		{8102B905-8DC5-432E-9F52-83EEA124E811}.Release|x86.ActiveCfg = Release|Any CPU
		{8102B905-8DC5-432E-9F52-83EEA124E811}.Release|x86.Build.0 = Release|Any CPU
		{DD32A611-7A80-40A4-BBEC-C6A804E9F365}.Debug|Any CPU.ActiveCfg = Debug|Any CPU
		{DD32A611-7A80-40A4-BBEC-C6A804E9F365}.Debug|Any CPU.Build.0 = Debug|Any CPU
		{DD32A611-7A80-40A4-BBEC-C6A804E9F365}.Debug|x64.ActiveCfg = Debug|Any CPU
		{DD32A611-7A80-40A4-BBEC-C6A804E9F365}.Debug|x64.Build.0 = Debug|Any CPU
		{DD32A611-7A80-40A4-BBEC-C6A804E9F365}.Debug|x86.ActiveCfg = Debug|Any CPU
		{DD32A611-7A80-40A4-BBEC-C6A804E9F365}.Debug|x86.Build.0 = Debug|Any CPU
		{DD32A611-7A80-40A4-BBEC-C6A804E9F365}.Release|Any CPU.ActiveCfg = Release|Any CPU
		{DD32A611-7A80-40A4-BBEC-C6A804E9F365}.Release|Any CPU.Build.0 = Release|Any CPU
		{DD32A611-7A80-40A4-BBEC-C6A804E9F365}.Release|x64.ActiveCfg = Release|Any CPU
		{DD32A611-7A80-40A4-BBEC-C6A804E9F365}.Release|x64.Build.0 = Release|Any CPU
		{DD32A611-7A80-40A4-BBEC-C6A804E9F365}.Release|x86.ActiveCfg = Release|Any CPU
		{DD32A611-7A80-40A4-BBEC-C6A804E9F365}.Release|x86.Build.0 = Release|Any CPU
		{1FEC03EF-79E8-43B7-AC89-EF6861A05DD7}.Debug|Any CPU.ActiveCfg = Debug|Any CPU
		{1FEC03EF-79E8-43B7-AC89-EF6861A05DD7}.Debug|Any CPU.Build.0 = Debug|Any CPU
		{1FEC03EF-79E8-43B7-AC89-EF6861A05DD7}.Debug|x64.ActiveCfg = Debug|Any CPU
		{1FEC03EF-79E8-43B7-AC89-EF6861A05DD7}.Debug|x64.Build.0 = Debug|Any CPU
		{1FEC03EF-79E8-43B7-AC89-EF6861A05DD7}.Debug|x86.ActiveCfg = Debug|Any CPU
		{1FEC03EF-79E8-43B7-AC89-EF6861A05DD7}.Debug|x86.Build.0 = Debug|Any CPU
		{1FEC03EF-79E8-43B7-AC89-EF6861A05DD7}.Release|Any CPU.ActiveCfg = Release|Any CPU
		{1FEC03EF-79E8-43B7-AC89-EF6861A05DD7}.Release|Any CPU.Build.0 = Release|Any CPU
		{1FEC03EF-79E8-43B7-AC89-EF6861A05DD7}.Release|x64.ActiveCfg = Release|Any CPU
		{1FEC03EF-79E8-43B7-AC89-EF6861A05DD7}.Release|x64.Build.0 = Release|Any CPU
		{1FEC03EF-79E8-43B7-AC89-EF6861A05DD7}.Release|x86.ActiveCfg = Release|Any CPU
		{1FEC03EF-79E8-43B7-AC89-EF6861A05DD7}.Release|x86.Build.0 = Release|Any CPU
		{FC00B676-763B-456E-B77B-A2215487BAE8}.Debug|Any CPU.ActiveCfg = Debug|Any CPU
		{FC00B676-763B-456E-B77B-A2215487BAE8}.Debug|Any CPU.Build.0 = Debug|Any CPU
		{FC00B676-763B-456E-B77B-A2215487BAE8}.Debug|x64.ActiveCfg = Debug|Any CPU
		{FC00B676-763B-456E-B77B-A2215487BAE8}.Debug|x64.Build.0 = Debug|Any CPU
		{FC00B676-763B-456E-B77B-A2215487BAE8}.Debug|x86.ActiveCfg = Debug|Any CPU
		{FC00B676-763B-456E-B77B-A2215487BAE8}.Debug|x86.Build.0 = Debug|Any CPU
		{FC00B676-763B-456E-B77B-A2215487BAE8}.Release|Any CPU.ActiveCfg = Release|Any CPU
		{FC00B676-763B-456E-B77B-A2215487BAE8}.Release|Any CPU.Build.0 = Release|Any CPU
		{FC00B676-763B-456E-B77B-A2215487BAE8}.Release|x64.ActiveCfg = Release|Any CPU
		{FC00B676-763B-456E-B77B-A2215487BAE8}.Release|x64.Build.0 = Release|Any CPU
		{FC00B676-763B-456E-B77B-A2215487BAE8}.Release|x86.ActiveCfg = Release|Any CPU
		{FC00B676-763B-456E-B77B-A2215487BAE8}.Release|x86.Build.0 = Release|Any CPU
		{5489C8A4-B386-4CDD-8F2B-52481257E2EA}.Debug|Any CPU.ActiveCfg = Debug|Any CPU
		{5489C8A4-B386-4CDD-8F2B-52481257E2EA}.Debug|Any CPU.Build.0 = Debug|Any CPU
		{5489C8A4-B386-4CDD-8F2B-52481257E2EA}.Debug|x64.ActiveCfg = Debug|Any CPU
		{5489C8A4-B386-4CDD-8F2B-52481257E2EA}.Debug|x64.Build.0 = Debug|Any CPU
		{5489C8A4-B386-4CDD-8F2B-52481257E2EA}.Debug|x86.ActiveCfg = Debug|Any CPU
		{5489C8A4-B386-4CDD-8F2B-52481257E2EA}.Debug|x86.Build.0 = Debug|Any CPU
		{5489C8A4-B386-4CDD-8F2B-52481257E2EA}.Release|Any CPU.ActiveCfg = Release|Any CPU
		{5489C8A4-B386-4CDD-8F2B-52481257E2EA}.Release|Any CPU.Build.0 = Release|Any CPU
		{5489C8A4-B386-4CDD-8F2B-52481257E2EA}.Release|x64.ActiveCfg = Release|Any CPU
		{5489C8A4-B386-4CDD-8F2B-52481257E2EA}.Release|x64.Build.0 = Release|Any CPU
		{5489C8A4-B386-4CDD-8F2B-52481257E2EA}.Release|x86.ActiveCfg = Release|Any CPU
		{5489C8A4-B386-4CDD-8F2B-52481257E2EA}.Release|x86.Build.0 = Release|Any CPU
	EndGlobalSection
	GlobalSection(SolutionProperties) = preSolution
		HideSolutionNode = FALSE
	EndGlobalSection
	GlobalSection(NestedProjects) = preSolution
		{D1B75837-F404-400F-9178-105FD59E9A34} = {31C2A126-61B9-402D-B2F4-9772341EBF09}
		{070D9963-D572-4B31-AE9D-32A45C9F1DAE} = {587FA680-0051-4CA2-8BA2-E72997940EF0}
		{28F1F16B-9E8F-4FDB-9AD2-1A5FD450266D} = {587FA680-0051-4CA2-8BA2-E72997940EF0}
		{3E57D6F1-0E5F-4E2F-A914-58DDEBA0837A} = {D977E1EA-C167-4BEB-B7C5-4214DDD470D3}
		{499EBD8C-9968-47C9-88AB-219C5424AA0F} = {587FA680-0051-4CA2-8BA2-E72997940EF0}
		{E6F9EB15-FA03-4330-9ED6-B82287EE7926} = {587FA680-0051-4CA2-8BA2-E72997940EF0}
		{3CCC7F83-4C7C-4554-97D3-9DF104772248} = {D977E1EA-C167-4BEB-B7C5-4214DDD470D3}
		{E3190892-25F3-42A0-8139-BDAE06C23313} = {D977E1EA-C167-4BEB-B7C5-4214DDD470D3}
		{0B70091F-8AD5-405B-B257-4E87AF497406} = {D977E1EA-C167-4BEB-B7C5-4214DDD470D3}
		{2E84DAEE-9559-423E-862B-DA5E45901A24} = {D977E1EA-C167-4BEB-B7C5-4214DDD470D3}
		{8B5D2A7F-3C9E-4F8A-9D5B-1E7F8C9A6B2D} = {31C2A126-61B9-402D-B2F4-9772341EBF09}
		{C408A4B8-B69C-4304-8EB5-5B0E18001248} = {587FA680-0051-4CA2-8BA2-E72997940EF0}
		{FB518BC5-5797-41A3-A085-7FE76EE5A7F6} = {31C2A126-61B9-402D-B2F4-9772341EBF09}
		{A8BE4D4F-DA09-44D1-A613-95EAE0948242} = {31C2A126-61B9-402D-B2F4-9772341EBF09}
		{F1AC0D56-BCE6-4B5F-B5C8-51CF74F0C110} = {31C2A126-61B9-402D-B2F4-9772341EBF09}
		{02EF1BFB-AC60-4853-9190-5389F65DC638} = {31C2A126-61B9-402D-B2F4-9772341EBF09}
		{B87CCDF4-A443-47A0-8A56-1CEB0A6EBACD} = {31C2A126-61B9-402D-B2F4-9772341EBF09}
		{D266C5C9-D82A-4E4E-9ABB-8C1941295A08} = {31C2A126-61B9-402D-B2F4-9772341EBF09}
		{993D95D7-2BB6-4414-8F8A-C097B40173D4} = {D977E1EA-C167-4BEB-B7C5-4214DDD470D3}
		{9AAB5E5D-B32D-440C-87DC-5BCB72F25E08} = {D977E1EA-C167-4BEB-B7C5-4214DDD470D3}
		{288013AC-398A-4ECC-B793-E223C2EDBAC4} = {31C2A126-61B9-402D-B2F4-9772341EBF09}
		{C6F2EEE5-A6B0-47CD-9D4A-4C0E0AA78E74} = {D0F6FF5A-BF58-4723-8AD2-ADED4ED2FBE9}
		{BE44817A-BD7B-4427-A5FF-1DC6B9D634A2} = {D977E1EA-C167-4BEB-B7C5-4214DDD470D3}
		{2F54E37B-8A8D-4DB0-A28D-B1E2CC635296} = {D977E1EA-C167-4BEB-B7C5-4214DDD470D3}
		{1BF9824C-D211-493A-9091-782765FCC4F0} = {D977E1EA-C167-4BEB-B7C5-4214DDD470D3}
		{7F88375F-0C6A-4D00-BB3D-4CC10EFD06D2} = {31C2A126-61B9-402D-B2F4-9772341EBF09}
		{A1B2C3D4-E5F6-7890-ABCD-EF1234567890} = {D0F6FF5A-BF58-4723-8AD2-ADED4ED2FBE9}
		{B2C3D4E5-F6A7-8901-BCDE-F12345678901} = {D0F6FF5A-BF58-4723-8AD2-ADED4ED2FBE9}
		{15997410-7412-4717-AAD6-44CB987D0110} = {A1B2C3D4-E5F6-7890-ABCD-EF1234567890}
		{FC00B676-763B-456E-B77B-A2215487BAE8} = {A1B2C3D4-E5F6-7890-ABCD-EF1234567890}
		{5489C8A4-B386-4CDD-8F2B-52481257E2EA} = {A1B2C3D4-E5F6-7890-ABCD-EF1234567890}
		{9C206F0F-07D9-43F7-87E3-3A28E4456429} = {D0F6FF5A-BF58-4723-8AD2-ADED4ED2FBE9}
		{DC9152E8-B2FD-4815-BB9A-051CDB48998B} = {B2C3D4E5-F6A7-8901-BCDE-F12345678901}
		{B812632A-EF63-40A2-8421-A3533D30C037} = {D0F6FF5A-BF58-4723-8AD2-ADED4ED2FBE9}
		{70375426-7C89-4183-8B83-E68063B2520F} = {B2C3D4E5-F6A7-8901-BCDE-F12345678901}
		{695231B2-7C45-4DBB-9156-F4589B75AF5D} = {D0F6FF5A-BF58-4723-8AD2-ADED4ED2FBE9}
		{376B013F-C6D1-4DCC-A8DA-B73DF78E736E} = {B2C3D4E5-F6A7-8901-BCDE-F12345678901}
		{B7CED59D-EF01-478D-BCD6-801F46E96B16} = {D0F6FF5A-BF58-4723-8AD2-ADED4ED2FBE9}
		{04BD8764-1D46-4BDD-9F11-C14F1E834112} = {D0F6FF5A-BF58-4723-8AD2-ADED4ED2FBE9}
		{8102B905-8DC5-432E-9F52-83EEA124E811} = {D0F6FF5A-BF58-4723-8AD2-ADED4ED2FBE9}
		{DD32A611-7A80-40A4-BBEC-C6A804E9F365} = {D0F6FF5A-BF58-4723-8AD2-ADED4ED2FBE9}
		{1FEC03EF-79E8-43B7-AC89-EF6861A05DD7} = {B2C3D4E5-F6A7-8901-BCDE-F12345678901}
	EndGlobalSection
	GlobalSection(ExtensibilityGlobals) = postSolution
		SolutionGuid = {D7E90F8C-B0AE-4ACF-9226-306D8EA3D35B}
	EndGlobalSection
EndGlobal
